<?xml version="1.0" encoding="utf-8"?>
<Project ToolsVersion="4.0" xmlns="http://schemas.microsoft.com/developer/msbuild/2003">
  <ItemGroup>
    <Filter Include="Source Files">
      <UniqueIdentifier>{4FC737F1-C7A5-4376-A066-2A32D752A2FF}</UniqueIdentifier>
      <Extensions>cpp;c;cc;cxx;def;odl;idl;hpj;bat;asm;asmx</Extensions>
    </Filter>
    <Filter Include="Header Files">
      <UniqueIdentifier>{93995380-89BD-4b04-88EB-625FBE52EBFB}</UniqueIdentifier>
      <Extensions>h;hh;hpp;hxx;hm;inl;inc;xsd</Extensions>
    </Filter>
    <Filter Include="Resource Files">
      <UniqueIdentifier>{67DA6AB6-F800-4c08-8B7A-83BB121AAD01}</UniqueIdentifier>
      <Extensions>rc;ico;cur;bmp;dlg;rc2;rct;bin;rgs;gif;jpg;jpeg;jpe;resx;tiff;tif;png;wav;mfcribbon-ms</Extensions>
    </Filter>
  </ItemGroup>
  <ItemGroup>
    <ClCompile Include="Simulation\src\main.cpp">
      <Filter>Source Files</Filter>
    </ClCompile>
    <ClCompile Include="Simulation\src\ste\engine\core\gl\context\actual\gl_context.cpp">
      <Filter>Source Files</Filter>
    </ClCompile>
    <ClCompile Include="Simulation\src\ste\engine\core\gl\context\gl_current_context.cpp">
      <Filter>Source Files</Filter>
    </ClCompile>
    <ClCompile Include="Simulation\src\ste\engine\core\gl\extensions\gl_extensions.cpp">
      <Filter>Source Files</Filter>
    </ClCompile>
    <ClCompile Include="Simulation\src\ste\engine\core\gl\gl_utils.cpp">
      <Filter>Source Files</Filter>
    </ClCompile>
    <ClCompile Include="Simulation\src\ste\engine\core\gpu_resources\shaders\glsl_program_object.cpp">
      <Filter>Source Files</Filter>
    </ClCompile>
    <ClCompile Include="Simulation\src\ste\engine\core\gpu_resources\surfaces\Sampler.cpp">
      <Filter>Source Files</Filter>
    </ClCompile>
    <ClCompile Include="Simulation\src\ste\engine\core\gpu_resources\surfaces\surface_constants.cpp">
      <Filter>Source Files</Filter>
    </ClCompile>
    <ClCompile Include="Simulation\src\ste\engine\log\Log.cpp">
      <Filter>Source Files</Filter>
    </ClCompile>
    <ClCompile Include="Simulation\src\ste\engine\scheduling\task_scheduler.cpp">
      <Filter>Source Files</Filter>
    </ClCompile>
    <ClCompile Include="Simulation\src\ste\engine\stdafx.cpp">
      <Filter>Source Files</Filter>
    </ClCompile>
    <ClCompile Include="Simulation\src\ste\framework_graphics\antialiasing\fxaa\fxaa_dispatchable.cpp">
      <Filter>Source Files</Filter>
    </ClCompile>
    <ClCompile Include="Simulation\src\ste\framework_graphics\gpu_dispatch\tasks\dispatch_queue\gpu_task_dispatch_queue.cpp">
      <Filter>Source Files</Filter>
    </ClCompile>
    <ClCompile Include="Simulation\src\ste\framework_graphics\gpu_dispatch\tasks\gpu_task.cpp">
      <Filter>Source Files</Filter>
    </ClCompile>
    <ClCompile Include="Simulation\src\ste\framework_graphics\gpu_dispatch\tasks\transition\gpu_state_transition.cpp">
      <Filter>Source Files</Filter>
    </ClCompile>
    <ClCompile Include="Simulation\src\ste\framework_graphics\light\linked_light_lists\linked_light_lists.cpp">
      <Filter>Source Files</Filter>
    </ClCompile>
    <ClCompile Include="Simulation\src\ste\framework_graphics\light\linked_light_lists\linked_light_lists_gen_dispatch.cpp">
      <Filter>Source Files</Filter>
    </ClCompile>
    <ClCompile Include="Simulation\src\ste\framework_graphics\light\preprocessor\light_preprocessor.cpp">
      <Filter>Source Files</Filter>
    </ClCompile>
    <ClCompile Include="Simulation\src\ste\framework_graphics\light\preprocessor\stages\light_preprocess_cull_lights.cpp">
      <Filter>Source Files</Filter>
    </ClCompile>
    <ClCompile Include="Simulation\src\ste\framework_graphics\light\preprocessor\stages\light_preprocess_cull_shadows.cpp">
      <Filter>Source Files</Filter>
    </ClCompile>
    <ClCompile Include="Simulation\src\ste\framework_graphics\mesh\Quad.cpp">
      <Filter>Source Files</Filter>
    </ClCompile>
    <ClCompile Include="Simulation\src\ste\framework_graphics\radiometry\spectral\Kelvin.cpp">
      <Filter>Source Files</Filter>
    </ClCompile>
    <ClCompile Include="Simulation\src\ste\framework_graphics\radiometry\spectral\XYZ.cpp">
      <Filter>Source Files</Filter>
    </ClCompile>
    <ClCompile Include="Simulation\src\ste\framework_graphics\renderers\global_illumination\deferred_composer\deferred_composer.cpp">
      <Filter>Source Files</Filter>
    </ClCompile>
    <ClCompile Include="Simulation\src\ste\framework_graphics\renderers\global_illumination\deferred_gbuffer\deferred_gbuffer.cpp">
      <Filter>Source Files</Filter>
    </ClCompile>
    <ClCompile Include="Simulation\src\ste\framework_graphics\renderers\global_illumination\deferred_gbuffer\downsample_depth\gbuffer_downsample_depth_dispatch.cpp">
      <Filter>Source Files</Filter>
    </ClCompile>
    <ClCompile Include="Simulation\src\ste\framework_graphics\renderers\global_illumination\hdr_dof\hdr_dof_postprocess.cpp">
      <Filter>Source Files</Filter>
    </ClCompile>
    <ClCompile Include="Simulation\src\ste\framework_graphics\renderers\global_illumination\hdr_dof\steps\hdr_bokeh_blur_task.cpp">
      <Filter>Source Files</Filter>
    </ClCompile>
    <ClCompile Include="Simulation\src\ste\framework_graphics\renderers\global_illumination\hdr_dof\steps\hdr_compute_histogram_sums_task.cpp">
      <Filter>Source Files</Filter>
    </ClCompile>
    <ClCompile Include="Simulation\src\ste\framework_graphics\renderers\global_illumination\hdr_dof\steps\hdr_compute_minmax_task.cpp">
      <Filter>Source Files</Filter>
    </ClCompile>
    <ClCompile Include="Simulation\src\ste\framework_graphics\renderers\global_illumination\hdr_dof\steps\hdr_create_histogram_task.cpp">
      <Filter>Source Files</Filter>
    </ClCompile>
    <ClCompile Include="Simulation\src\ste\framework_graphics\renderers\global_illumination\hdr_dof\steps\hdr_tonemap_coc_task.cpp">
      <Filter>Source Files</Filter>
    </ClCompile>
    <ClCompile Include="Simulation\src\ste\framework_graphics\scene\geometry_cull\scene_geo_cull_dispatch.cpp">
      <Filter>Source Files</Filter>
    </ClCompile>
    <ClCompile Include="Simulation\src\ste\framework_graphics\scene\perpopulate_depth\scene_prepopulate_depth_dispatch.cpp">
      <Filter>Source Files</Filter>
    </ClCompile>
    <ClCompile Include="Simulation\src\ste\framework_graphics\scene\Scene.cpp">
      <Filter>Source Files</Filter>
    </ClCompile>
    <ClCompile Include="Simulation\src\ste\framework_graphics\shadows\shadow_maps\shadowmap_projector.cpp">
      <Filter>Source Files</Filter>
    </ClCompile>
    <ClCompile Include="Simulation\src\ste\framework_graphics\shadows\shadow_maps\shadowmap_storage.cpp">
      <Filter>Source Files</Filter>
    </ClCompile>
    <ClCompile Include="Simulation\src\ste\framework_graphics\utilities\camera\Camera.cpp">
      <Filter>Source Files</Filter>
    </ClCompile>
    <ClCompile Include="Simulation\src\ste\framework_graphics\utilities\debug_gui\debug_gui.cpp">
      <Filter>Source Files</Filter>
    </ClCompile>
    <ClCompile Include="Simulation\src\ste\framework_graphics\utilities\debug_gui\imgui_glfw_integration\imgui_impl_glfw_gl3.cpp">
      <Filter>Source Files</Filter>
    </ClCompile>
    <ClCompile Include="Simulation\src\ste\framework_graphics\utilities\profiler\profiler.cpp">
      <Filter>Source Files</Filter>
    </ClCompile>
    <ClCompile Include="Simulation\src\ste\framework_graphics\voxels\dense_voxelizer.cpp">
      <Filter>Source Files</Filter>
    </ClCompile>
    <ClCompile Include="Simulation\src\ste\framework_graphics\voxels\dense_voxel_space.cpp">
      <Filter>Source Files</Filter>
    </ClCompile>
    <ClCompile Include="Simulation\src\ste\framework_resources\resource_instance\resource_instance.cpp">
      <Filter>Source Files</Filter>
    </ClCompile>
    <ClCompile Include="Simulation\src\ste\framework_text\attributed_strings\attrib.cpp">
      <Filter>Source Files</Filter>
    </ClCompile>
    <ClCompile Include="Simulation\src\ste\framework_text\fonts\Font.cpp">
      <Filter>Source Files</Filter>
    </ClCompile>
    <ClCompile Include="Simulation\src\ste\framework_text\glyphs\glyph_factory.cpp">
      <Filter>Source Files</Filter>
    </ClCompile>
    <ClCompile Include="Simulation\src\ste\framework_text\rendering\text_renderable.cpp">
      <Filter>Source Files</Filter>
    </ClCompile>
    <ClCompile Include="Simulation\src\ste\math_additions\graphs\graph.cpp">
      <Filter>Source Files</Filter>
    </ClCompile>
    <ClCompile Include="Simulation\src\ste\stl_extensions\threading\interruptible_thread.cpp">
      <Filter>Source Files</Filter>
    </ClCompile>
    <ClCompile Include="Simulation\src\ste\stl_extensions\threading\thread_constants.cpp">
      <Filter>Source Files</Filter>
    </ClCompile>
    <ClCompile Include="Simulation\src\ste\math_additions\graphs\nodes\graph_vertex.cpp">
      <Filter>Source Files</Filter>
    </ClCompile>
    <ClCompile Include="Simulation\src\ste\framework_graphics\material\layer\material_layer.cpp">
      <Filter>Source Files</Filter>
    </ClCompile>
    <ClCompile Include="Simulation\src\ste\framework_graphics\material\material.cpp">
      <Filter>Source Files</Filter>
    </ClCompile>
    <ClCompile Include="Simulation\src\ste\framework_graphics\material\layer\material_layer_descriptor.cpp">
      <Filter>Source Files</Filter>
    </ClCompile>
    <ClCompile Include="Simulation\src\ste\framework_graphics\renderers\global_illumination\deferred_gbuffer\gbuffer_clearer\gbuffer_clear_dispatch.cpp">
      <Filter>Source Files</Filter>
    </ClCompile>
    <ClCompile Include="Simulation\src\ste\framework_graphics\shadows\shadow_maps\directional_shadowmap_projector.cpp">
      <Filter>Source Files</Filter>
    </ClCompile>
    <ClCompile Include="Simulation\src\ste\framework_graphics\light\light_storage.cpp">
      <Filter>Source Files</Filter>
    </ClCompile>
    <ClCompile Include="Simulation\src\ste\framework_graphics\atmospherics\volumetric_scattering\scatter\volumetric_scattering_scatter_dispatch.cpp">
      <Filter>Source Files</Filter>
    </ClCompile>
    <ClCompile Include="Simulation\src\ste\framework_graphics\atmospherics\volumetric_scattering\volumetric_scattering_storage.cpp">
      <Filter>Source Files</Filter>
    </ClCompile>
    <ClCompile Include="Simulation\src\ste\engine\engine_control\ste_engine_control.cpp">
      <Filter>Source Files</Filter>
    </ClCompile>
    <ClCompile Include="Simulation\src\ste\framework_text\rendering\text_manager.cpp">
      <Filter>Source Files</Filter>
    </ClCompile>
    <ClCompile Include="Simulation\src\ste\engine\core\gpu_resources\surfaces\textures\impl\texture_1d.cpp">
      <Filter>Source Files</Filter>
    </ClCompile>
    <ClCompile Include="Simulation\src\ste\engine\core\gpu_resources\surfaces\textures\impl\texture_1d_array.cpp">
      <Filter>Source Files</Filter>
    </ClCompile>
    <ClCompile Include="Simulation\src\ste\engine\core\gpu_resources\surfaces\textures\impl\texture_2d_array.cpp">
      <Filter>Source Files</Filter>
    </ClCompile>
    <ClCompile Include="Simulation\src\ste\engine\core\gpu_resources\surfaces\textures\impl\texture_3d.cpp">
      <Filter>Source Files</Filter>
    </ClCompile>
    <ClCompile Include="Simulation\src\ste\engine\core\gpu_resources\surfaces\textures\impl\texture_cube_map.cpp">
      <Filter>Source Files</Filter>
    </ClCompile>
    <ClCompile Include="Simulation\src\ste\engine\core\gpu_resources\surfaces\textures\impl\texture_cube_map_array.cpp">
      <Filter>Source Files</Filter>
    </ClCompile>
    <ClCompile Include="Simulation\src\ste\engine\core\gpu_resources\surfaces\textures\impl\texture_2d.cpp">
      <Filter>Source Files</Filter>
    </ClCompile>
    <ClCompile Include="Simulation\src\ste\framework_graphics\entities\objects\object_group.cpp">
      <Filter>Source Files</Filter>
    </ClCompile>
    <ClCompile Include="Simulation\src\ste\framework_graphics\renderers\global_illumination\gi_renderer.cpp">
      <Filter>Source Files</Filter>
    </ClCompile>
    <ClCompile Include="Simulation\src\ste\framework_resources\glsl_programs\factory\glsl_program_factory.cpp">
      <Filter>Source Files</Filter>
    </ClCompile>
    <ClCompile Include="Simulation\src\ste\framework_resources\models\model_factory.cpp">
      <Filter>Source Files</Filter>
    </ClCompile>
    <ClCompile Include="Simulation\src\ste\framework_resources\surfaces\surface_factory.cpp">
      <Filter>Source Files</Filter>
    </ClCompile>
  </ItemGroup>
  <ItemGroup>
    <ClInclude Include="Simulation\src\ste\engine\cache\lru_cache.hpp">
      <Filter>Header Files</Filter>
    </ClInclude>
    <ClInclude Include="Simulation\src\ste\engine\cache\lru_cache_cacheable.hpp">
      <Filter>Header Files</Filter>
    </ClInclude>
    <ClInclude Include="Simulation\src\ste\engine\cache\lru_cache_index.hpp">
      <Filter>Header Files</Filter>
    </ClInclude>
    <ClInclude Include="Simulation\src\ste\engine\core\gl\context\actual\gl_context.hpp">
      <Filter>Header Files</Filter>
    </ClInclude>
    <ClInclude Include="Simulation\src\ste\engine\core\gl\context\gl.hpp">
      <Filter>Header Files</Filter>
    </ClInclude>
    <ClInclude Include="Simulation\src\ste\engine\core\gl\context\gl_current_context.hpp">
      <Filter>Header Files</Filter>
    </ClInclude>
    <ClInclude Include="Simulation\src\ste\engine\core\gl\context\gl_generic_context.hpp">
      <Filter>Header Files</Filter>
    </ClInclude>
    <ClInclude Include="Simulation\src\ste\engine\core\gl\context\states\context_basic_state.hpp">
      <Filter>Header Files</Filter>
    </ClInclude>
    <ClInclude Include="Simulation\src\ste\engine\core\gl\context\states\context_state.hpp">
      <Filter>Header Files</Filter>
    </ClInclude>
    <ClInclude Include="Simulation\src\ste\engine\core\gl\context\states\context_state_key.hpp">
      <Filter>Header Files</Filter>
    </ClInclude>
    <ClInclude Include="Simulation\src\ste\engine\core\gl\context\states\context_state_name.hpp">
      <Filter>Header Files</Filter>
    </ClInclude>
    <ClInclude Include="Simulation\src\ste\engine\core\gl\context\states\context_state_type.hpp">
      <Filter>Header Files</Filter>
    </ClInclude>
    <ClInclude Include="Simulation\src\ste\engine\core\gl\context\states\gl_context_state_log.hpp">
      <Filter>Header Files</Filter>
    </ClInclude>
    <ClInclude Include="Simulation\src\ste\engine\core\gl\extensions\gl_extensions.h">
      <Filter>Header Files</Filter>
    </ClInclude>
    <ClInclude Include="Simulation\src\ste\engine\core\gl\gl_utils.hpp">
      <Filter>Header Files</Filter>
    </ClInclude>
    <ClInclude Include="Simulation\src\ste\engine\core\gl_type_traits.hpp">
      <Filter>Header Files</Filter>
    </ClInclude>
    <ClInclude Include="Simulation\src\ste\engine\core\gpu_resources\buffers\buffer_object.hpp">
      <Filter>Header Files</Filter>
    </ClInclude>
    <ClInclude Include="Simulation\src\ste\engine\core\gpu_resources\buffers\buffer_object_allocator.hpp">
      <Filter>Header Files</Filter>
    </ClInclude>
    <ClInclude Include="Simulation\src\ste\engine\core\gpu_resources\buffers\buffer_object_cast.hpp">
      <Filter>Header Files</Filter>
    </ClInclude>
    <ClInclude Include="Simulation\src\ste\engine\core\gpu_resources\buffers\buffer_usage.hpp">
      <Filter>Header Files</Filter>
    </ClInclude>
    <ClInclude Include="Simulation\src\ste\engine\core\gpu_resources\buffers\mapped_buffer_object_unique_ptr.hpp">
      <Filter>Header Files</Filter>
    </ClInclude>
    <ClInclude Include="Simulation\src\ste\engine\core\gpu_resources\buffers\sparse_buffer_commitment_data.hpp">
      <Filter>Header Files</Filter>
    </ClInclude>
    <ClInclude Include="Simulation\src\ste\engine\core\gpu_resources\core_resource_type.hpp">
      <Filter>Header Files</Filter>
    </ClInclude>
    <ClInclude Include="Simulation\src\ste\engine\core\gpu_resources\gpu_data_structures\gstack.hpp">
      <Filter>Header Files</Filter>
    </ClInclude>
    <ClInclude Include="Simulation\src\ste\engine\core\gpu_resources\gpu_data_structures\gstack_stable.hpp">
      <Filter>Header Files</Filter>
    </ClInclude>
    <ClInclude Include="Simulation\src\ste\engine\core\gpu_resources\gpu_data_structures\gvector_pinned.hpp">
      <Filter>Header Files</Filter>
    </ClInclude>
    <ClInclude Include="Simulation\src\ste\engine\core\gpu_resources\gpu_data_structures\queue\gqueue.hpp">
      <Filter>Header Files</Filter>
    </ClInclude>
    <ClInclude Include="Simulation\src\ste\engine\core\gpu_resources\gpu_data_structures\resource_storage\observable_resource.hpp">
      <Filter>Header Files</Filter>
    </ClInclude>
    <ClInclude Include="Simulation\src\ste\engine\core\gpu_resources\gpu_data_structures\resource_storage\observable_resource_impl.hpp">
      <Filter>Header Files</Filter>
    </ClInclude>
    <ClInclude Include="Simulation\src\ste\engine\core\gpu_resources\gpu_data_structures\resource_storage\resource_storage.hpp">
      <Filter>Header Files</Filter>
    </ClInclude>
    <ClInclude Include="Simulation\src\ste\engine\core\gpu_resources\gpu_data_structures\resource_storage\resource_storage_base.hpp">
      <Filter>Header Files</Filter>
    </ClInclude>
    <ClInclude Include="Simulation\src\ste\engine\core\gpu_resources\gpu_data_structures\resource_storage\resource_storage_dynamic.hpp">
      <Filter>Header Files</Filter>
    </ClInclude>
    <ClInclude Include="Simulation\src\ste\engine\core\gpu_resources\gpu_data_structures\resource_storage\resource_storage_stable.hpp">
      <Filter>Header Files</Filter>
    </ClInclude>
    <ClInclude Include="Simulation\src\ste\engine\core\gpu_resources\gpu_data_structures\ring_buffer.hpp">
      <Filter>Header Files</Filter>
    </ClInclude>
    <ClInclude Include="Simulation\src\ste\engine\core\gpu_resources\locks\gpu_sync.hpp">
      <Filter>Header Files</Filter>
    </ClInclude>
    <ClInclude Include="Simulation\src\ste\engine\core\gpu_resources\locks\range_lockable.hpp">
      <Filter>Header Files</Filter>
    </ClInclude>
    <ClInclude Include="Simulation\src\ste\engine\core\gpu_resources\queries\occlusion_queries\occlusion_query_any_samples.hpp">
      <Filter>Header Files</Filter>
    </ClInclude>
    <ClInclude Include="Simulation\src\ste\engine\core\gpu_resources\queries\query_object.hpp">
      <Filter>Header Files</Filter>
    </ClInclude>
    <ClInclude Include="Simulation\src\ste\engine\core\gpu_resources\queries\timer_queries\timer_query.hpp">
      <Filter>Header Files</Filter>
    </ClInclude>
    <ClInclude Include="Simulation\src\ste\engine\core\gpu_resources\queries\timer_queries\timestamp_query.hpp">
      <Filter>Header Files</Filter>
    </ClInclude>
    <ClInclude Include="Simulation\src\ste\engine\core\gpu_resources\resource_allocator.hpp">
      <Filter>Header Files</Filter>
    </ClInclude>
    <ClInclude Include="Simulation\src\ste\engine\core\gpu_resources\resource_binding\bindable_resource.hpp">
      <Filter>Header Files</Filter>
    </ClInclude>
    <ClInclude Include="Simulation\src\ste\engine\core\gpu_resources\resource_binding\layout_binding.hpp">
      <Filter>Header Files</Filter>
    </ClInclude>
    <ClInclude Include="Simulation\src\ste\engine\core\gpu_resources\resource_binding\resource.hpp">
      <Filter>Header Files</Filter>
    </ClInclude>
    <ClInclude Include="Simulation\src\ste\engine\core\gpu_resources\resource_binding\shader_layout_bindable_resource.hpp">
      <Filter>Header Files</Filter>
    </ClInclude>
    <ClInclude Include="Simulation\src\ste\engine\core\gpu_resources\resource_traits.hpp">
      <Filter>Header Files</Filter>
    </ClInclude>
    <ClInclude Include="Simulation\src\ste\engine\core\gpu_resources\shaders\glsl_program_object.hpp">
      <Filter>Header Files</Filter>
    </ClInclude>
    <ClInclude Include="Simulation\src\ste\engine\core\gpu_resources\shaders\glsl_shader_object.hpp">
      <Filter>Header Files</Filter>
    </ClInclude>
    <ClInclude Include="Simulation\src\ste\engine\core\gpu_resources\surfaces\fbo\context_framebuffer.hpp">
      <Filter>Header Files</Filter>
    </ClInclude>
    <ClInclude Include="Simulation\src\ste\engine\core\gpu_resources\surfaces\image.hpp">
      <Filter>Header Files</Filter>
    </ClInclude>
    <ClInclude Include="Simulation\src\ste\engine\core\gpu_resources\surfaces\image_handle.hpp">
      <Filter>Header Files</Filter>
    </ClInclude>
    <ClInclude Include="Simulation\src\ste\engine\core\gpu_resources\surfaces\render_target\render_target_allocator.hpp">
      <Filter>Header Files</Filter>
    </ClInclude>
    <ClInclude Include="Simulation\src\ste\engine\core\gpu_resources\surfaces\Sampler.hpp">
      <Filter>Header Files</Filter>
    </ClInclude>
    <ClInclude Include="Simulation\src\ste\engine\core\gpu_resources\surfaces\surface_constants.hpp">
      <Filter>Header Files</Filter>
    </ClInclude>
    <ClInclude Include="Simulation\src\ste\engine\core\gpu_resources\surfaces\surface_element_cast.hpp">
      <Filter>Header Files</Filter>
    </ClInclude>
    <ClInclude Include="Simulation\src\ste\engine\core\gpu_resources\surfaces\surface_traits.hpp">
      <Filter>Header Files</Filter>
    </ClInclude>
    <ClInclude Include="Simulation\src\ste\engine\core\gpu_resources\surfaces\textures\texture_allocator.hpp">
      <Filter>Header Files</Filter>
    </ClInclude>
    <ClInclude Include="Simulation\src\ste\engine\core\gpu_resources\surfaces\textures\texture_base.hpp">
      <Filter>Header Files</Filter>
    </ClInclude>
    <ClInclude Include="Simulation\src\ste\engine\core\gpu_resources\surfaces\textures\texture_cubemap_face.hpp">
      <Filter>Header Files</Filter>
    </ClInclude>
    <ClInclude Include="Simulation\src\ste\engine\core\gpu_resources\surfaces\textures\texture_enums.hpp">
      <Filter>Header Files</Filter>
    </ClInclude>
    <ClInclude Include="Simulation\src\ste\engine\core\gpu_resources\surfaces\textures\texture_sparse.hpp">
      <Filter>Header Files</Filter>
    </ClInclude>
    <ClInclude Include="Simulation\src\ste\engine\core\gpu_resources\surfaces\textures\texture_traits.hpp">
      <Filter>Header Files</Filter>
    </ClInclude>
    <ClInclude Include="Simulation\src\ste\engine\core\gpu_resources\surfaces\texture_handle.hpp">
      <Filter>Header Files</Filter>
    </ClInclude>
    <ClInclude Include="Simulation\src\ste\engine\engine_control\hid\hid.hpp">
      <Filter>Header Files</Filter>
    </ClInclude>
    <ClInclude Include="Simulation\src\ste\engine\engine_control\hid\Keyboard.hpp">
      <Filter>Header Files</Filter>
    </ClInclude>
    <ClInclude Include="Simulation\src\ste\engine\engine_control\hid\Pointer.hpp">
      <Filter>Header Files</Filter>
    </ClInclude>
    <ClInclude Include="Simulation\src\ste\engine\log\Log.hpp">
      <Filter>Header Files</Filter>
    </ClInclude>
    <ClInclude Include="Simulation\src\ste\engine\log\log_class.hpp">
      <Filter>Header Files</Filter>
    </ClInclude>
    <ClInclude Include="Simulation\src\ste\engine\log\log_entry.hpp">
      <Filter>Header Files</Filter>
    </ClInclude>
    <ClInclude Include="Simulation\src\ste\engine\log\log_ostream.hpp">
      <Filter>Header Files</Filter>
    </ClInclude>
    <ClInclude Include="Simulation\src\ste\engine\log\log_sink.hpp">
      <Filter>Header Files</Filter>
    </ClInclude>
    <ClInclude Include="Simulation\src\ste\engine\log\log_streambuf.hpp">
      <Filter>Header Files</Filter>
    </ClInclude>
    <ClInclude Include="Simulation\src\ste\engine\log\log_stream_formatter.hpp">
      <Filter>Header Files</Filter>
    </ClInclude>
    <ClInclude Include="Simulation\src\ste\engine\scheduling\balanced_thread_pool.hpp">
      <Filter>Header Files</Filter>
    </ClInclude>
    <ClInclude Include="Simulation\src\ste\engine\scheduling\task_scheduler.hpp">
      <Filter>Header Files</Filter>
    </ClInclude>
    <ClInclude Include="Simulation\src\ste\engine\stdafx.hpp">
      <Filter>Header Files</Filter>
    </ClInclude>
    <ClInclude Include="Simulation\src\ste\framework_graphics\antialiasing\fxaa\fxaa_dispatchable.hpp">
      <Filter>Header Files</Filter>
    </ClInclude>
    <ClInclude Include="Simulation\src\ste\framework_graphics\entities\entity.hpp">
      <Filter>Header Files</Filter>
    </ClInclude>
    <ClInclude Include="Simulation\src\ste\framework_graphics\entities\objects\buffers\object_group_draw_buffers.hpp">
      <Filter>Header Files</Filter>
    </ClInclude>
    <ClInclude Include="Simulation\src\ste\framework_graphics\entities\objects\buffers\object_group_indirect_command_buffer.hpp">
      <Filter>Header Files</Filter>
    </ClInclude>
    <ClInclude Include="Simulation\src\ste\framework_graphics\entities\objects\mesh_descriptor.hpp">
      <Filter>Header Files</Filter>
    </ClInclude>
    <ClInclude Include="Simulation\src\ste\framework_graphics\entities\objects\Object.hpp">
      <Filter>Header Files</Filter>
    </ClInclude>
    <ClInclude Include="Simulation\src\ste\framework_graphics\gpu_dispatch\tasks\common\fb_clear_dispatch.hpp">
      <Filter>Header Files</Filter>
    </ClInclude>
    <ClInclude Include="Simulation\src\ste\framework_graphics\gpu_dispatch\tasks\common\gpu_dummy_dispatchable.hpp">
      <Filter>Header Files</Filter>
    </ClInclude>
    <ClInclude Include="Simulation\src\ste\framework_graphics\gpu_dispatch\tasks\dispatch_queue\gpu_task_dispatch_queue.hpp">
      <Filter>Header Files</Filter>
    </ClInclude>
    <ClInclude Include="Simulation\src\ste\framework_graphics\gpu_dispatch\tasks\dispatch_queue\gpu_task_root.hpp">
      <Filter>Header Files</Filter>
    </ClInclude>
    <ClInclude Include="Simulation\src\ste\framework_graphics\gpu_dispatch\tasks\gpu_dispatchable.hpp">
      <Filter>Header Files</Filter>
    </ClInclude>
    <ClInclude Include="Simulation\src\ste\framework_graphics\gpu_dispatch\tasks\gpu_task.hpp">
      <Filter>Header Files</Filter>
    </ClInclude>
    <ClInclude Include="Simulation\src\ste\framework_graphics\gpu_dispatch\tasks\gpu_task_factory.hpp">
      <Filter>Header Files</Filter>
    </ClInclude>
    <ClInclude Include="Simulation\src\ste\framework_graphics\gpu_dispatch\tasks\transition\gpu_state_transition.hpp">
      <Filter>Header Files</Filter>
    </ClInclude>
    <ClInclude Include="Simulation\src\ste\framework_graphics\light\light.hpp">
      <Filter>Header Files</Filter>
    </ClInclude>
    <ClInclude Include="Simulation\src\ste\framework_graphics\light\light_descriptor.hpp">
      <Filter>Header Files</Filter>
    </ClInclude>
    <ClInclude Include="Simulation\src\ste\framework_graphics\light\light_storage.hpp">
      <Filter>Header Files</Filter>
    </ClInclude>
    <ClInclude Include="Simulation\src\ste\framework_graphics\light\linked_light_lists\linked_light_lists.hpp">
      <Filter>Header Files</Filter>
    </ClInclude>
    <ClInclude Include="Simulation\src\ste\framework_graphics\light\linked_light_lists\linked_light_lists_gen_dispatch.hpp">
      <Filter>Header Files</Filter>
    </ClInclude>
    <ClInclude Include="Simulation\src\ste\framework_graphics\light\preprocessor\light_preprocessor.hpp">
      <Filter>Header Files</Filter>
    </ClInclude>
    <ClInclude Include="Simulation\src\ste\framework_graphics\light\preprocessor\stages\light_preprocess_cull_lights.hpp">
      <Filter>Header Files</Filter>
    </ClInclude>
    <ClInclude Include="Simulation\src\ste\framework_graphics\light\preprocessor\stages\light_preprocess_cull_shadows.hpp">
      <Filter>Header Files</Filter>
    </ClInclude>
    <ClInclude Include="Simulation\src\ste\framework_graphics\material\material_descriptor.hpp">
      <Filter>Header Files</Filter>
    </ClInclude>
    <ClInclude Include="Simulation\src\ste\framework_graphics\material\material_storage.hpp">
      <Filter>Header Files</Filter>
    </ClInclude>
    <ClInclude Include="Simulation\src\ste\framework_graphics\mesh\mesh.hpp">
      <Filter>Header Files</Filter>
    </ClInclude>
    <ClInclude Include="Simulation\src\ste\framework_graphics\mesh\mesh_aabb.hpp">
      <Filter>Header Files</Filter>
    </ClInclude>
    <ClInclude Include="Simulation\src\ste\framework_graphics\mesh\mesh_bounding_sphere.hpp">
      <Filter>Header Files</Filter>
    </ClInclude>
    <ClInclude Include="Simulation\src\ste\framework_graphics\mesh\Quad.hpp">
      <Filter>Header Files</Filter>
    </ClInclude>
    <ClInclude Include="Simulation\src\ste\framework_graphics\mesh\Sphere.hpp">
      <Filter>Header Files</Filter>
    </ClInclude>
    <ClInclude Include="Simulation\src\ste\framework_graphics\procedural_images\normal_map_from_height_map.hpp">
      <Filter>Header Files</Filter>
    </ClInclude>
    <ClInclude Include="Simulation\src\ste\framework_graphics\radiometry\human_vision_model\human_vision_properties.hpp">
      <Filter>Header Files</Filter>
    </ClInclude>
    <ClInclude Include="Simulation\src\ste\framework_graphics\radiometry\radiance\BxDFs\BxDF.hpp">
      <Filter>Header Files</Filter>
    </ClInclude>
    <ClInclude Include="Simulation\src\ste\framework_graphics\radiometry\radiance\BxDFs\cook_torrance_specular\cook_torrance_brdf.hpp">
      <Filter>Header Files</Filter>
    </ClInclude>
    <ClInclude Include="Simulation\src\ste\framework_graphics\radiometry\radiance\BxDFs\cook_torrance_specular\fresnel\schlick_fresnel.hpp">
      <Filter>Header Files</Filter>
    </ClInclude>
    <ClInclude Include="Simulation\src\ste\framework_graphics\radiometry\radiance\BxDFs\cook_torrance_specular\geometry_attenuation_factor\schlick_smith_gaf.hpp">
      <Filter>Header Files</Filter>
    </ClInclude>
    <ClInclude Include="Simulation\src\ste\framework_graphics\radiometry\radiance\BxDFs\cook_torrance_specular\geometry_attenuation_factor\schlick_smith_simplified_gaf.hpp">
      <Filter>Header Files</Filter>
    </ClInclude>
    <ClInclude Include="Simulation\src\ste\framework_graphics\radiometry\radiance\BxDFs\cook_torrance_specular\ndf\ggx_ndf.hpp">
      <Filter>Header Files</Filter>
    </ClInclude>
    <ClInclude Include="Simulation\src\ste\framework_graphics\radiometry\radiance\BxDFs\disney_diffuse\disney_diffuse.hpp">
      <Filter>Header Files</Filter>
    </ClInclude>
    <ClInclude Include="Simulation\src\ste\framework_graphics\radiometry\radiance\BxDFs\oren_nayar_diffuse\improved_oren_nayar_diffuse.hpp">
      <Filter>Header Files</Filter>
    </ClInclude>
    <ClInclude Include="Simulation\src\ste\framework_graphics\radiometry\radiance\BxDFs\oren_nayar_diffuse\oren_nayar_diffuse.hpp">
      <Filter>Header Files</Filter>
    </ClInclude>
    <ClInclude Include="Simulation\src\ste\framework_graphics\radiometry\spectral\Kelvin.hpp">
      <Filter>Header Files</Filter>
    </ClInclude>
    <ClInclude Include="Simulation\src\ste\framework_graphics\radiometry\spectral\RGB.hpp">
      <Filter>Header Files</Filter>
    </ClInclude>
    <ClInclude Include="Simulation\src\ste\framework_graphics\radiometry\spectral\spectrum.hpp">
      <Filter>Header Files</Filter>
    </ClInclude>
    <ClInclude Include="Simulation\src\ste\framework_graphics\radiometry\spectral\xyY.hpp">
      <Filter>Header Files</Filter>
    </ClInclude>
    <ClInclude Include="Simulation\src\ste\framework_graphics\radiometry\spectral\XYZ.hpp">
      <Filter>Header Files</Filter>
    </ClInclude>
    <ClInclude Include="Simulation\src\ste\framework_graphics\renderers\basic_renderer\basic_renderer.hpp">
      <Filter>Header Files</Filter>
    </ClInclude>
    <ClInclude Include="Simulation\src\ste\framework_graphics\renderers\global_illumination\deferred_composer\deferred_composer.hpp">
      <Filter>Header Files</Filter>
    </ClInclude>
    <ClInclude Include="Simulation\src\ste\framework_graphics\renderers\global_illumination\deferred_gbuffer\deferred_gbuffer.hpp">
      <Filter>Header Files</Filter>
    </ClInclude>
    <ClInclude Include="Simulation\src\ste\framework_graphics\renderers\global_illumination\deferred_gbuffer\downsample_depth\gbuffer_downsample_depth_dispatch.hpp">
      <Filter>Header Files</Filter>
    </ClInclude>
    <ClInclude Include="Simulation\src\ste\framework_graphics\renderers\global_illumination\girenderer_loader.hpp">
      <Filter>Header Files</Filter>
    </ClInclude>
    <ClInclude Include="Simulation\src\ste\framework_graphics\renderers\global_illumination\hdr_dof\hdr_dof_postprocess.hpp">
      <Filter>Header Files</Filter>
    </ClInclude>
    <ClInclude Include="Simulation\src\ste\framework_graphics\renderers\global_illumination\hdr_dof\steps\hdr_bloom_blurx_task.hpp">
      <Filter>Header Files</Filter>
    </ClInclude>
    <ClInclude Include="Simulation\src\ste\framework_graphics\renderers\global_illumination\hdr_dof\steps\hdr_bloom_blury_task.hpp">
      <Filter>Header Files</Filter>
    </ClInclude>
    <ClInclude Include="Simulation\src\ste\framework_graphics\renderers\global_illumination\hdr_dof\steps\hdr_bokeh_blur_task.hpp">
      <Filter>Header Files</Filter>
    </ClInclude>
    <ClInclude Include="Simulation\src\ste\framework_graphics\renderers\global_illumination\hdr_dof\steps\hdr_compute_histogram_sums_task.hpp">
      <Filter>Header Files</Filter>
    </ClInclude>
    <ClInclude Include="Simulation\src\ste\framework_graphics\renderers\global_illumination\hdr_dof\steps\hdr_compute_minmax_task.hpp">
      <Filter>Header Files</Filter>
    </ClInclude>
    <ClInclude Include="Simulation\src\ste\framework_graphics\renderers\global_illumination\hdr_dof\steps\hdr_create_histogram_task.hpp">
      <Filter>Header Files</Filter>
    </ClInclude>
    <ClInclude Include="Simulation\src\ste\framework_graphics\renderers\global_illumination\hdr_dof\steps\hdr_tonemap_coc_task.hpp">
      <Filter>Header Files</Filter>
    </ClInclude>
    <ClInclude Include="Simulation\src\ste\framework_graphics\renderers\global_illumination\transforms_ring_buffers.hpp">
      <Filter>Header Files</Filter>
    </ClInclude>
    <ClInclude Include="Simulation\src\ste\framework_graphics\renderers\rendering_system.hpp">
      <Filter>Header Files</Filter>
    </ClInclude>
    <ClInclude Include="Simulation\src\ste\framework_graphics\scene\geometry_cull\scene_geo_cull_dispatch.hpp">
      <Filter>Header Files</Filter>
    </ClInclude>
    <ClInclude Include="Simulation\src\ste\framework_graphics\scene\perpopulate_depth\scene_prepopulate_depth_dispatch.hpp">
      <Filter>Header Files</Filter>
    </ClInclude>
    <ClInclude Include="Simulation\src\ste\framework_graphics\scene\Scene.hpp">
      <Filter>Header Files</Filter>
    </ClInclude>
    <ClInclude Include="Simulation\src\ste\framework_graphics\shadows\shadow_maps\shadowmap_projector.hpp">
      <Filter>Header Files</Filter>
    </ClInclude>
    <ClInclude Include="Simulation\src\ste\framework_graphics\shadows\shadow_maps\shadowmap_storage.hpp">
      <Filter>Header Files</Filter>
    </ClInclude>
    <ClInclude Include="Simulation\src\ste\framework_graphics\utilities\camera\Camera.hpp">
      <Filter>Header Files</Filter>
    </ClInclude>
    <ClInclude Include="Simulation\src\ste\framework_graphics\utilities\debug_gui\debug_gui.hpp">
      <Filter>Header Files</Filter>
    </ClInclude>
    <ClInclude Include="Simulation\src\ste\framework_graphics\utilities\debug_gui\imgui_glfw_integration\imgui_impl_glfw_gl3.h">
      <Filter>Header Files</Filter>
    </ClInclude>
    <ClInclude Include="Simulation\src\ste\framework_graphics\utilities\debug_gui\imgui_timeline.hpp">
      <Filter>Header Files</Filter>
    </ClInclude>
    <ClInclude Include="Simulation\src\ste\framework_graphics\utilities\profiler\profileable.hpp">
      <Filter>Header Files</Filter>
    </ClInclude>
    <ClInclude Include="Simulation\src\ste\framework_graphics\utilities\profiler\profiler.hpp">
      <Filter>Header Files</Filter>
    </ClInclude>
    <ClInclude Include="Simulation\src\ste\framework_graphics\utilities\texture_pools\texture_pool.hpp">
      <Filter>Header Files</Filter>
    </ClInclude>
    <ClInclude Include="Simulation\src\ste\framework_graphics\voxels\dense_voxelizer.hpp">
      <Filter>Header Files</Filter>
    </ClInclude>
    <ClInclude Include="Simulation\src\ste\framework_graphics\voxels\dense_voxel_space.hpp">
      <Filter>Header Files</Filter>
    </ClInclude>
    <ClInclude Include="Simulation\src\ste\framework_resources\glsl_programs\factory\glsl_program_factory_exceptions.hpp">
      <Filter>Header Files</Filter>
    </ClInclude>
    <ClInclude Include="Simulation\src\ste\framework_resources\glsl_programs\glsl_program.hpp">
      <Filter>Header Files</Filter>
    </ClInclude>
    <ClInclude Include="Simulation\src\ste\framework_resources\glsl_programs\program_binary.hpp">
      <Filter>Header Files</Filter>
    </ClInclude>
    <ClInclude Include="Simulation\src\ste\framework_resources\resource_instance\resource_instance.hpp">
      <Filter>Header Files</Filter>
    </ClInclude>
    <ClInclude Include="Simulation\src\ste\framework_resources\resource_instance\resource_instance_getter.hpp">
      <Filter>Header Files</Filter>
    </ClInclude>
    <ClInclude Include="Simulation\src\ste\framework_resources\resource_instance\resource_loading_exception.hpp">
      <Filter>Header Files</Filter>
    </ClInclude>
    <ClInclude Include="Simulation\src\ste\framework_resources\resource_instance\resource_loading_task.hpp">
      <Filter>Header Files</Filter>
    </ClInclude>
    <ClInclude Include="Simulation\src\ste\framework_resources\surfaces\surface_factory_exceptions.hpp">
      <Filter>Header Files</Filter>
    </ClInclude>
    <ClInclude Include="Simulation\src\ste\framework_text\attributed_strings\attrib.hpp">
      <Filter>Header Files</Filter>
    </ClInclude>
    <ClInclude Include="Simulation\src\ste\framework_text\attributed_strings\markup_formatter\attributed_string_htm_formatter.hpp">
      <Filter>Header Files</Filter>
    </ClInclude>
    <ClInclude Include="Simulation\src\ste\framework_text\fonts\Font.hpp">
      <Filter>Header Files</Filter>
    </ClInclude>
    <ClInclude Include="Simulation\src\ste\framework_text\glyphs\distance_field\edtaa3func.hpp">
      <Filter>Header Files</Filter>
    </ClInclude>
    <ClInclude Include="Simulation\src\ste\framework_text\glyphs\distance_field\make_distance_map.hpp">
      <Filter>Header Files</Filter>
    </ClInclude>
    <ClInclude Include="Simulation\src\ste\framework_text\glyphs\glyph.hpp">
      <Filter>Header Files</Filter>
    </ClInclude>
    <ClInclude Include="Simulation\src\ste\framework_text\glyphs\glyph_factory.hpp">
      <Filter>Header Files</Filter>
    </ClInclude>
    <ClInclude Include="Simulation\src\ste\framework_text\glyphs\glyph_manager.hpp">
      <Filter>Header Files</Filter>
    </ClInclude>
    <ClInclude Include="Simulation\src\ste\framework_text\glyphs\glyph_point.hpp">
      <Filter>Header Files</Filter>
    </ClInclude>
    <ClInclude Include="Simulation\src\ste\framework_text\rendering\text_renderable.hpp">
      <Filter>Header Files</Filter>
    </ClInclude>
    <ClInclude Include="Simulation\src\ste\math_additions\algorithms\sequential_ordering_problem\graph\sop_edge.hpp">
      <Filter>Header Files</Filter>
    </ClInclude>
    <ClInclude Include="Simulation\src\ste\math_additions\algorithms\sequential_ordering_problem\graph\sop_graph.hpp">
      <Filter>Header Files</Filter>
    </ClInclude>
    <ClInclude Include="Simulation\src\ste\math_additions\algorithms\sequential_ordering_problem\graph\sop_vertex.hpp">
      <Filter>Header Files</Filter>
    </ClInclude>
    <ClInclude Include="Simulation\src\ste\math_additions\algorithms\sequential_ordering_problem\sequential_ordering_problem.hpp">
      <Filter>Header Files</Filter>
    </ClInclude>
    <ClInclude Include="Simulation\src\ste\math_additions\algorithms\sequential_ordering_problem\sop_optimizer.hpp">
      <Filter>Header Files</Filter>
    </ClInclude>
    <ClInclude Include="Simulation\src\ste\math_additions\graphs\graph.hpp">
      <Filter>Header Files</Filter>
    </ClInclude>
    <ClInclude Include="Simulation\src\ste\math_additions\graphs\graph_detail.hpp">
      <Filter>Header Files</Filter>
    </ClInclude>
    <ClInclude Include="Simulation\src\ste\math_additions\graphs\nodes\graph_edge.hpp">
      <Filter>Header Files</Filter>
    </ClInclude>
    <ClInclude Include="Simulation\src\ste\math_additions\graphs\nodes\graph_vertex.hpp">
      <Filter>Header Files</Filter>
    </ClInclude>
    <ClInclude Include="Simulation\src\ste\math_additions\quaternions\dual_quaternion.hpp">
      <Filter>Header Files</Filter>
    </ClInclude>
    <ClInclude Include="Simulation\src\ste\math_additions\real_spherical_harmonics\RSH.hpp">
      <Filter>Header Files</Filter>
    </ClInclude>
    <ClInclude Include="Simulation\src\ste\math_additions\transformations\extract_projection_planes.hpp">
      <Filter>Header Files</Filter>
    </ClInclude>
    <ClInclude Include="Simulation\src\ste\math_additions\transformations\quaternion_tangent_frame.hpp">
      <Filter>Header Files</Filter>
    </ClInclude>
    <ClInclude Include="Simulation\src\ste\math_additions\transformations\reversed_perspective.hpp">
      <Filter>Header Files</Filter>
    </ClInclude>
    <ClInclude Include="Simulation\src\ste\stl_extensions\concurrency\concurrent_pointer_recycler.hpp">
      <Filter>Header Files</Filter>
    </ClInclude>
    <ClInclude Include="Simulation\src\ste\stl_extensions\concurrency\concurrent_queue.hpp">
      <Filter>Header Files</Filter>
    </ClInclude>
    <ClInclude Include="Simulation\src\ste\stl_extensions\concurrency\concurrent_unordered_map.hpp">
      <Filter>Header Files</Filter>
    </ClInclude>
    <ClInclude Include="Simulation\src\ste\stl_extensions\concurrency\shared_double_reference_guard.hpp">
      <Filter>Header Files</Filter>
    </ClInclude>
    <ClInclude Include="Simulation\src\ste\stl_extensions\create_type.hpp">
      <Filter>Header Files</Filter>
    </ClInclude>
    <ClInclude Include="Simulation\src\ste\stl_extensions\function_wrapper.hpp">
      <Filter>Header Files</Filter>
    </ClInclude>
    <ClInclude Include="Simulation\src\ste\stl_extensions\generate_array.hpp">
      <Filter>Header Files</Filter>
    </ClInclude>
    <ClInclude Include="Simulation\src\ste\stl_extensions\hash_combine.hpp">
      <Filter>Header Files</Filter>
    </ClInclude>
    <ClInclude Include="Simulation\src\ste\stl_extensions\optional.hpp">
      <Filter>Header Files</Filter>
    </ClInclude>
    <ClInclude Include="Simulation\src\ste\stl_extensions\platform_dependant\getcwd.hpp">
      <Filter>Header Files</Filter>
    </ClInclude>
    <ClInclude Include="Simulation\src\ste\stl_extensions\platform_dependant\system_times.hpp">
      <Filter>Header Files</Filter>
    </ClInclude>
    <ClInclude Include="Simulation\src\ste\stl_extensions\platform_dependant\thread_affinity.hpp">
      <Filter>Header Files</Filter>
    </ClInclude>
    <ClInclude Include="Simulation\src\ste\stl_extensions\platform_dependant\thread_priority.hpp">
      <Filter>Header Files</Filter>
    </ClInclude>
    <ClInclude Include="Simulation\src\ste\stl_extensions\platform_dependant\trace.hpp">
      <Filter>Header Files</Filter>
    </ClInclude>
    <ClInclude Include="Simulation\src\ste\stl_extensions\platform_dependant\windows.hpp">
      <Filter>Header Files</Filter>
    </ClInclude>
    <ClInclude Include="Simulation\src\ste\stl_extensions\range.hpp">
      <Filter>Header Files</Filter>
    </ClInclude>
    <ClInclude Include="Simulation\src\ste\stl_extensions\remove_iterator_constness.hpp">
      <Filter>Header Files</Filter>
    </ClInclude>
    <ClInclude Include="Simulation\src\ste\stl_extensions\signal\connection.hpp">
      <Filter>Header Files</Filter>
    </ClInclude>
    <ClInclude Include="Simulation\src\ste\stl_extensions\signal\signal.hpp">
      <Filter>Header Files</Filter>
    </ClInclude>
    <ClInclude Include="Simulation\src\ste\stl_extensions\stream_format\glm_print.hpp">
      <Filter>Header Files</Filter>
    </ClInclude>
    <ClInclude Include="Simulation\src\ste\stl_extensions\stream_format\tuple_print.hpp">
      <Filter>Header Files</Filter>
    </ClInclude>
    <ClInclude Include="Simulation\src\ste\stl_extensions\threading\future_collection.hpp">
      <Filter>Header Files</Filter>
    </ClInclude>
    <ClInclude Include="Simulation\src\ste\stl_extensions\threading\interruptible_thread.hpp">
      <Filter>Header Files</Filter>
    </ClInclude>
    <ClInclude Include="Simulation\src\ste\stl_extensions\threading\scoped_thread.hpp">
      <Filter>Header Files</Filter>
    </ClInclude>
    <ClInclude Include="Simulation\src\ste\stl_extensions\threading\thread_constants.hpp">
      <Filter>Header Files</Filter>
    </ClInclude>
    <ClInclude Include="Simulation\src\ste\stl_extensions\tuple\tuple_call.hpp">
      <Filter>Header Files</Filter>
    </ClInclude>
    <ClInclude Include="Simulation\src\ste\stl_extensions\tuple\tuple_type_erasure.hpp">
      <Filter>Header Files</Filter>
    </ClInclude>
    <ClInclude Include="Simulation\src\ste\stl_extensions\typelist.hpp">
      <Filter>Header Files</Filter>
    </ClInclude>
    <ClInclude Include="Simulation\src\ste\stl_extensions\types.hpp">
      <Filter>Header Files</Filter>
    </ClInclude>
    <ClInclude Include="Simulation\src\ste\stl_extensions\type_traits\function_traits.hpp">
      <Filter>Header Files</Filter>
    </ClInclude>
    <ClInclude Include="Simulation\src\ste\stl_extensions\type_traits\is_base_of.hpp">
      <Filter>Header Files</Filter>
    </ClInclude>
    <ClInclude Include="Simulation\src\ste\stl_extensions\type_traits\is_flat_container.hpp">
      <Filter>Header Files</Filter>
    </ClInclude>
    <ClInclude Include="Simulation\src\ste\engine\external_includes\boost_filesystem.hpp">
      <Filter>Header Files</Filter>
    </ClInclude>
    <ClInclude Include="Simulation\src\ste\engine\external_includes\boost_binary_ioarchive.hpp">
      <Filter>Header Files</Filter>
    </ClInclude>
    <ClInclude Include="Simulation\src\ste\engine\external_includes\boost_disable_warnings.hpp">
      <Filter>Header Files</Filter>
    </ClInclude>
    <ClInclude Include="Simulation\src\ste\engine\external_includes\boost_flatmap.hpp">
      <Filter>Header Files</Filter>
    </ClInclude>
    <ClInclude Include="Simulation\src\ste\engine\external_includes\boost_flatset.hpp">
      <Filter>Header Files</Filter>
    </ClInclude>
    <ClInclude Include="Simulation\src\ste\engine\external_includes\boost_serialization.hpp">
      <Filter>Header Files</Filter>
    </ClInclude>
    <ClInclude Include="Simulation\src\ste\engine\scheduling\future\task_future.hpp">
      <Filter>Header Files</Filter>
    </ClInclude>
    <ClInclude Include="Simulation\src\ste\engine\scheduling\future\task_future_impl.hpp">
      <Filter>Header Files</Filter>
    </ClInclude>
    <ClInclude Include="Simulation\src\ste\engine\scheduling\thread_pool_task.hpp">
      <Filter>Header Files</Filter>
    </ClInclude>
    <ClInclude Include="Simulation\src\ste\framework_graphics\material\layer\material_layer.hpp">
      <Filter>Header Files</Filter>
    </ClInclude>
    <ClInclude Include="Simulation\src\ste\framework_graphics\material\layer\material_layer_descriptor.hpp">
      <Filter>Header Files</Filter>
    </ClInclude>
    <ClInclude Include="Simulation\src\ste\framework_graphics\material\layer\material_layer_storage.hpp">
      <Filter>Header Files</Filter>
    </ClInclude>
    <ClInclude Include="Simulation\src\ste\framework_graphics\material\material.hpp">
      <Filter>Header Files</Filter>
    </ClInclude>
    <ClInclude Include="Simulation\src\ste\framework_graphics\radiometry\radiance\Fittings\microfacet_fit_error.hpp">
      <Filter>Header Files</Filter>
    </ClInclude>
    <ClInclude Include="Simulation\src\ste\framework_graphics\radiometry\radiance\Fittings\microfacet_refraction_fit.hpp">
      <Filter>Header Files</Filter>
    </ClInclude>
    <ClInclude Include="Simulation\src\ste\framework_graphics\radiometry\radiance\Fittings\microfacet_transmission_fit.hpp">
      <Filter>Header Files</Filter>
    </ClInclude>
    <ClInclude Include="Simulation\src\ste\framework_graphics\radiometry\radiance\BxDFs\lambert_diffuse\lambert_diffuse.hpp">
      <Filter>Header Files</Filter>
    </ClInclude>
    <ClInclude Include="Simulation\src\ste\framework_graphics\renderers\global_illumination\deferred_gbuffer\gbuffer_clearer\gbuffer_clear_dispatch.hpp">
      <Filter>Header Files</Filter>
    </ClInclude>
    <ClInclude Include="Simulation\src\ste\framework_graphics\light\light_cascade_descriptor.hpp">
      <Filter>Header Files</Filter>
    </ClInclude>
    <ClInclude Include="Simulation\src\ste\framework_graphics\shadows\shadow_maps\directional_shadowmap_projector.hpp">
      <Filter>Header Files</Filter>
    </ClInclude>
    <ClInclude Include="Simulation\src\ste\framework_graphics\atmospherics\buffer\atmospherics_buffer.hpp">
      <Filter>Header Files</Filter>
    </ClInclude>
    <ClInclude Include="Simulation\src\ste\framework_graphics\atmospherics\atmospherics_properties.hpp">
      <Filter>Header Files</Filter>
    </ClInclude>
    <ClInclude Include="Simulation\src\ste\framework_graphics\atmospherics\volumetric_scattering\scatter\volumetric_scattering_scatter_dispatch.hpp">
      <Filter>Header Files</Filter>
    </ClInclude>
    <ClInclude Include="Simulation\src\ste\framework_graphics\atmospherics\volumetric_scattering\volumetric_scattering_storage.hpp">
      <Filter>Header Files</Filter>
    </ClInclude>
    <ClInclude Include="Simulation\src\ste\framework_graphics\atmospherics\precomputed_scattering\atmospherics_lut_error.hpp">
      <Filter>Header Files</Filter>
    </ClInclude>
    <ClInclude Include="Simulation\src\ste\framework_graphics\atmospherics\buffer\atmospherics_descriptor.hpp">
      <Filter>Header Files</Filter>
    </ClInclude>
    <ClInclude Include="Simulation\src\ste\math_additions\numerical\newton_raphson_iterative_root_finding.hpp">
      <Filter>Header Files</Filter>
    </ClInclude>
    <ClInclude Include="Simulation\src\ste\math_additions\numerical\romberg_integration.hpp">
      <Filter>Header Files</Filter>
    </ClInclude>
    <ClInclude Include="Simulation\src\ste\math_additions\light_transport\beer_lambert.hpp">
      <Filter>Header Files</Filter>
    </ClInclude>
    <ClInclude Include="Simulation\src\ste\math_additions\light_transport\mie_scattering.hpp">
      <Filter>Header Files</Filter>
    </ClInclude>
    <ClInclude Include="Simulation\src\ste\math_additions\light_transport\rayleigh_scattering.hpp">
      <Filter>Header Files</Filter>
    </ClInclude>
    <ClInclude Include="Simulation\src\ste\math_additions\numerical\sampling.hpp">
      <Filter>Header Files</Filter>
    </ClInclude>
    <ClInclude Include="Simulation\src\ste\math_additions\numerical\gaussian_quadrature_spherical_integration.hpp">
      <Filter>Header Files</Filter>
    </ClInclude>
    <ClInclude Include="Simulation\src\ste\math_additions\numerical\legendre_polynomial.hpp">
      <Filter>Header Files</Filter>
    </ClInclude>
    <ClInclude Include="Simulation\src\ste\framework_graphics\atmospherics\precomputed_scattering\atmospherics_precompute_scattering.hpp">
      <Filter>Header Files</Filter>
    </ClInclude>
    <ClInclude Include="Simulation\src\ste\engine\engine_control\ste_engine_control.hpp">
      <Filter>Header Files</Filter>
    </ClInclude>
    <ClInclude Include="Simulation\src\ste\engine\core\gpu_resources\buffers\data_storage\atomic_counter_buffer_object.hpp">
      <Filter>Header Files</Filter>
    </ClInclude>
    <ClInclude Include="Simulation\src\ste\engine\core\gpu_resources\buffers\data_storage\indirect_dispatch_buffer_object.hpp">
      <Filter>Header Files</Filter>
    </ClInclude>
    <ClInclude Include="Simulation\src\ste\engine\core\gpu_resources\buffers\data_storage\indirect_draw_buffer_object.hpp">
      <Filter>Header Files</Filter>
    </ClInclude>
    <ClInclude Include="Simulation\src\ste\engine\core\gpu_resources\buffers\data_storage\pixel_buffer_object.hpp">
      <Filter>Header Files</Filter>
    </ClInclude>
    <ClInclude Include="Simulation\src\ste\engine\core\gpu_resources\buffers\data_storage\query_buffer_object.hpp">
      <Filter>Header Files</Filter>
    </ClInclude>
    <ClInclude Include="Simulation\src\ste\engine\core\gpu_resources\buffers\data_storage\shader_storage_buffer.hpp">
      <Filter>Header Files</Filter>
    </ClInclude>
    <ClInclude Include="Simulation\src\ste\engine\core\gpu_resources\buffers\vertex_storage\element_buffer_object.hpp">
      <Filter>Header Files</Filter>
    </ClInclude>
    <ClInclude Include="Simulation\src\ste\engine\core\gpu_resources\buffers\vertex_storage\vertex_array_object.hpp">
      <Filter>Header Files</Filter>
    </ClInclude>
    <ClInclude Include="Simulation\src\ste\engine\core\gpu_resources\buffers\vertex_storage\vertex_buffer_object.hpp">
      <Filter>Header Files</Filter>
    </ClInclude>
    <ClInclude Include="Simulation\src\ste\engine\core\gpu_resources\buffers\vertex_storage\vertex_buffer_descriptor.hpp">
      <Filter>Header Files</Filter>
    </ClInclude>
    <ClInclude Include="Simulation\src\ste\framework_graphics\common\object_vertex_data.hpp">
      <Filter>Header Files</Filter>
    </ClInclude>
    <ClInclude Include="Simulation\src\ste\engine\core\gpu_resources\surfaces\fbo\framebuffer_object.hpp">
      <Filter>Header Files</Filter>
    </ClInclude>
    <ClInclude Include="Simulation\src\ste\engine\core\gpu_resources\surfaces\render_target\render_target.hpp">
      <Filter>Header Files</Filter>
    </ClInclude>
    <ClInclude Include="Simulation\src\ste\framework_text\rendering\text_manager.hpp">
      <Filter>Header Files</Filter>
    </ClInclude>
    <ClInclude Include="Simulation\src\ste\engine\core\gpu_resources\surfaces\textures\texture_1d.hpp">
      <Filter>Header Files</Filter>
    </ClInclude>
    <ClInclude Include="Simulation\src\ste\engine\core\gpu_resources\surfaces\textures\texture_1d_size_type.hpp">
      <Filter>Header Files</Filter>
    </ClInclude>
    <ClInclude Include="Simulation\src\ste\engine\core\gpu_resources\surfaces\textures\texture_1d_array.hpp">
      <Filter>Header Files</Filter>
    </ClInclude>
    <ClInclude Include="Simulation\src\ste\engine\core\gpu_resources\surfaces\textures\texture_2d_array.hpp">
      <Filter>Header Files</Filter>
    </ClInclude>
    <ClInclude Include="Simulation\src\ste\engine\core\gpu_resources\surfaces\textures\texture_2d_ms.hpp">
      <Filter>Header Files</Filter>
    </ClInclude>
    <ClInclude Include="Simulation\src\ste\engine\core\gpu_resources\surfaces\textures\texture_2d_ms_array.hpp">
      <Filter>Header Files</Filter>
    </ClInclude>
    <ClInclude Include="Simulation\src\ste\engine\core\gpu_resources\surfaces\textures\texture_3d.hpp">
      <Filter>Header Files</Filter>
    </ClInclude>
    <ClInclude Include="Simulation\src\ste\engine\core\gpu_resources\surfaces\textures\texture_cube_map.hpp">
      <Filter>Header Files</Filter>
    </ClInclude>
    <ClInclude Include="Simulation\src\ste\engine\core\gpu_resources\surfaces\textures\texture_cube_map_array.hpp">
      <Filter>Header Files</Filter>
    </ClInclude>
    <ClInclude Include="Simulation\src\ste\engine\core\gpu_resources\surfaces\textures\texture_2d.hpp">
      <Filter>Header Files</Filter>
    </ClInclude>
    <ClInclude Include="Simulation\src\ste\framework_graphics\entities\objects\object_group.hpp">
      <Filter>Header Files</Filter>
    </ClInclude>
    <ClInclude Include="Simulation\src\ste\framework_graphics\light\light_entities\directional_light.hpp">
      <Filter>Header Files</Filter>
    </ClInclude>
    <ClInclude Include="Simulation\src\ste\framework_graphics\light\light_entities\spherical_light.hpp">
      <Filter>Header Files</Filter>
    </ClInclude>
    <ClInclude Include="Simulation\src\ste\framework_graphics\renderers\global_illumination\gi_renderer.hpp">
      <Filter>Header Files</Filter>
    </ClInclude>
    <ClInclude Include="Simulation\src\ste\framework_graphics\scene\scene_properties.hpp">
      <Filter>Header Files</Filter>
    </ClInclude>
    <ClInclude Include="Simulation\src\ste\framework_resources\glsl_programs\factory\glsl_program_factory.hpp">
      <Filter>Header Files</Filter>
    </ClInclude>
    <ClInclude Include="Simulation\src\ste\framework_resources\models\model_factory.hpp">
      <Filter>Header Files</Filter>
    </ClInclude>
    <ClInclude Include="Simulation\src\ste\framework_resources\surfaces\surface_factory.hpp">
      <Filter>Header Files</Filter>
    </ClInclude>
    <ClInclude Include="Simulation\src\ste\framework_text\attributed_strings\attributed_string.hpp">
      <Filter>Header Files</Filter>
    </ClInclude>
    <ClInclude Include="Simulation\src\ste\framework_text\attributed_strings\markup_formatter\attributed_string_common.hpp">
      <Filter>Header Files</Filter>
    </ClInclude>
  </ItemGroup>
  <ItemGroup>
    <None Include="Simulation\src\ste\framework_graphics\material\shaders\material_evaluate.glsl" />
    <None Include="Simulation\src\ste\framework_graphics\material\shaders\material.glsl" />
    <None Include="Simulation\src\ste\framework_graphics\renderers\global_illumination\shaders\girenderer_transform_buffer.glsl" />
    <None Include="Simulation\src\ste\framework_graphics\antialiasing\fxaa\shaders\fxaa.frag" />
    <None Include="Simulation\src\ste\framework_graphics\antialiasing\fxaa\shaders\fxaa.vert" />
    <None Include="Simulation\src\ste\framework_graphics\antialiasing\fxaa\shaders\nvidia_fxaa.glsl" />
    <None Include="Simulation\src\ste\framework_graphics\renderers\global_illumination\deferred_gbuffer\shaders\gbuffer.glsl" />
    <None Include="Simulation\src\ste\framework_graphics\renderers\global_illumination\deferred_gbuffer\shaders\gbuffer_load.glsl" />
    <None Include="Simulation\src\ste\framework_graphics\renderers\global_illumination\deferred_gbuffer\shaders\gbuffer_store.glsl" />
    <None Include="Simulation\src\ste\framework_graphics\renderers\global_illumination\hdr_dof\shaders\bokeh_bilateral_blur.frag" />
    <None Include="Simulation\src\ste\framework_graphics\renderers\global_illumination\hdr_dof\shaders\hdr_bloom_blur_x.frag" />
    <None Include="Simulation\src\ste\framework_graphics\renderers\global_illumination\hdr_dof\shaders\hdr_bloom_blur_y.frag" />
    <None Include="Simulation\src\ste\framework_graphics\renderers\global_illumination\hdr_dof\shaders\hdr_blur.glsl" />
    <None Include="Simulation\src\ste\framework_graphics\renderers\global_illumination\hdr_dof\shaders\hdr_common.glsl" />
    <None Include="Simulation\src\ste\framework_graphics\renderers\global_illumination\hdr_dof\shaders\hdr_compute_histogram_sums.glsl" />
    <None Include="Simulation\src\ste\framework_graphics\renderers\global_illumination\hdr_dof\shaders\hdr_compute_minmax.glsl" />
    <None Include="Simulation\src\ste\framework_graphics\renderers\global_illumination\hdr_dof\shaders\hdr_create_histogram.glsl" />
    <None Include="Simulation\src\ste\framework_graphics\renderers\global_illumination\hdr_dof\shaders\hdr_tonemap_coc.frag" />
    <None Include="Simulation\src\ste\framework_graphics\material\shaders\material_layer_unpack.glsl" />
    <None Include="Simulation\src\ste\framework_graphics\radiometry\radiance\BxDFs\cook_torrance_specular\shaders\cook_torrance.glsl" />
    <None Include="Simulation\src\ste\framework_graphics\radiometry\radiance\BxDFs\cook_torrance_specular\shaders\microfacet.glsl" />
    <None Include="Simulation\src\ste\framework_graphics\radiometry\radiance\BxDFs\disney_diffuse\shaders\disney_diffuse.glsl" />
    <None Include="Simulation\src\ste\framework_graphics\radiometry\radiance\BxDFs\oren_nayar_diffuse\shaders\oren_nayar.glsl" />
    <None Include="Simulation\src\ste\framework_graphics\common_shaders\common.glsl" />
    <None Include="Simulation\src\ste\framework_graphics\common_shaders\indirect.glsl" />
    <None Include="Simulation\src\ste\framework_graphics\common_shaders\passthrough.vert" />
    <None Include="Simulation\src\ste\framework_graphics\shadows\shadow_maps\shaders\shadow_cubemap.geom" />
    <None Include="Simulation\src\ste\framework_graphics\scene\shaders\object.frag" />
    <None Include="Simulation\src\ste\framework_graphics\scene\perpopulate_depth\shaders\scene_prepopulate_depth.frag" />
    <None Include="Simulation\src\ste\framework_graphics\scene\geometry_cull\shaders\scene_geo_cull.glsl" />
    <None Include="Simulation\src\ste\framework_graphics\voxels\shaders\voxelizer.frag" />
    <None Include="Simulation\src\ste\framework_graphics\voxels\shaders\voxelizer.geom" />
    <None Include="Simulation\src\ste\framework_graphics\voxels\shaders\voxelizer.vert" />
    <None Include="Simulation\src\ste\framework_graphics\voxels\shaders\voxelizer_upsampler.glsl" />
    <None Include="Simulation\src\ste\framework_graphics\voxels\shaders\voxels.glsl" />
    <None Include="Simulation\src\ste\framework_text\rendering\shaders\text_distance_map_contour.frag" />
    <None Include="Simulation\src\ste\framework_text\rendering\shaders\text_distance_map_contour.geom" />
    <None Include="Simulation\src\ste\framework_text\rendering\shaders\text_distance_map_contour.vert" />
    <None Include="Simulation\src\ste\framework_graphics\light\shaders\light.glsl" />
    <None Include="Simulation\src\ste\framework_graphics\light\linked_light_lists\shaders\linked_light_lists.glsl" />
    <None Include="Simulation\src\ste\framework_graphics\light\linked_light_lists\shaders\linked_light_lists_load.glsl" />
    <None Include="Simulation\src\ste\framework_graphics\light\linked_light_lists\shaders\linked_light_lists_store.glsl" />
    <None Include="Simulation\src\ste\framework_graphics\light\preprocessor\shaders\light_preprocess_cull_lights.glsl" />
    <None Include="Simulation\src\ste\framework_graphics\light\preprocessor\shaders\light_preprocess_cull_shadows.glsl" />
    <None Include="Simulation\src\ste\framework_graphics\entities\objects\shaders\mesh_descriptor.glsl" />
    <None Include="Simulation\src\ste\framework_graphics\scene\shaders\scene_transform.vert" />
    <None Include="Simulation\src\ste\framework_graphics\radiometry\radiance\subsurface_scattering\shaders\subsurface_scattering.glsl" />
    <None Include="Simulation\src\ste\framework_graphics\renderers\global_illumination\deferred_composer\shaders\deferred_shading.glsl" />
    <None Include="Simulation\src\ste\framework_graphics\radiometry\radiance\BxDFs\lambert_diffuse\shaders\lambert_diffuse.glsl" />
    <None Include="Simulation\src\ste\framework_graphics\radiometry\radiance\fittings\shaders\microfacet_ggx_fitting.glsl" />
    <None Include="Simulation\src\ste\framework_graphics\common_shaders\constants.glsl" />
    <None Include="Simulation\src\ste\framework_graphics\radiometry\radiance\BxDFs\shaders\fresnel.glsl" />
    <None Include="Simulation\src\ste\framework_graphics\shadows\shadow_maps\shaders\shadow_directional.geom" />
    <None Include="Simulation\src\ste\framework_graphics\shadows\shaders\shadow.glsl" />
    <None Include="Simulation\src\ste\framework_graphics\shadows\shaders\shadow_query_directional.glsl" />
    <None Include="Simulation\src\ste\framework_graphics\shadows\shaders\shadow_query_spherical.glsl" />
    <None Include="Simulation\src\ste\framework_graphics\shadows\shaders\shadow_common.glsl" />
    <None Include="Simulation\src\ste\framework_graphics\light\shaders\light_cascades.glsl" />
    <None Include="Simulation\src\ste\framework_graphics\renderers\global_illumination\deferred_composer\shaders\deferred_compose.frag" />
    <None Include="Simulation\src\ste\framework_graphics\atmospherics\volumetric_scattering\shaders\volumetric_scattering.glsl" />
    <None Include="Simulation\src\ste\framework_graphics\atmospherics\volumetric_scattering\shaders\volumetric_scattering_scatter.glsl" />
    <None Include="Simulation\src\ste\framework_graphics\common_shaders\math\dual_quaternion.glsl" />
    <None Include="Simulation\src\ste\framework_graphics\common_shaders\math\erf.glsl" />
    <None Include="Simulation\src\ste\framework_graphics\common_shaders\rand\interleaved_gradient_noise.glsl" />
    <None Include="Simulation\src\ste\framework_graphics\common_shaders\rand\noise.glsl" />
    <None Include="Simulation\src\ste\framework_graphics\common_shaders\rand\fast_rand.glsl" />
    <None Include="Simulation\src\ste\framework_graphics\common_shaders\math\quaternion.glsl" />
    <None Include="Simulation\src\ste\framework_graphics\common_shaders\transformation\transform.glsl" />
    <None Include="Simulation\src\ste\framework_graphics\common_shaders\transformation\transform.vert" />
    <None Include="Simulation\src\ste\framework_graphics\common_shaders\transformation\project.glsl" />
    <None Include="Simulation\src\ste\framework_graphics\common_shaders\transformation\tangent_frame.glsl" />
    <None Include="Simulation\src\ste\framework_graphics\common_shaders\lighting\chromaticity.glsl" />
    <None Include="Simulation\src\ste\framework_graphics\common_shaders\math\intersection.glsl" />
    <None Include="Simulation\src\ste\framework_graphics\common_shaders\lighting\light_transport.glsl" />
    <None Include="Simulation\src\ste\framework_graphics\common_shaders\lighting\optical_geometry.glsl" />
    <None Include="Simulation\src\ste\framework_graphics\common_shaders\math\spherical.glsl" />
    <None Include="Simulation\src\ste\framework_graphics\common_shaders\encoding\encode.glsl" />
    <None Include="Simulation\src\ste\framework_graphics\common_shaders\encoding\pack.glsl" />
    <None Include="Simulation\src\ste\framework_graphics\common_shaders\interpolate.glsl" />
    <None Include="Simulation\src\ste\framework_graphics\light\linked_light_lists\shaders\linked_light_lists_gen.glsl" />
    <None Include="Simulation\src\ste\framework_graphics\shadows\shadow_maps\shaders\shadow_directional.vert" />
    <None Include="Simulation\src\ste\framework_graphics\shadows\shadow_maps\shaders\shadow_cubemap.vert" />
    <None Include="Simulation\src\ste\framework_graphics\atmospherics\buffer\shaders\atmospherics.glsl" />
    <None Include="Simulation\src\ste\framework_graphics\atmospherics\buffer\shaders\atmospherics_descriptor.glsl" />
    <None Include="Simulation\src\ste\framework_graphics\renderers\global_illumination\deferred_gbuffer\downsample_depth\shaders\gbuffer_downsample_depth.glsl" />
    <None Include="Simulation\src\ste\framework_graphics\scene\shaders\shadow_drawid_to_lightid_ttl.glsl" />
    <None Include="Simulation\src\ste\framework_graphics\renderers\global_illumination\shaders\deferred_shading_common.glsl" />
  </ItemGroup>
</Project>