
Microsoft Visual Studio Solution File, Format Version 12.00
# Visual Studio 15
VisualStudioVersion = 15.0.26730.16
MinimumVisualStudioVersion = 10.0.40219.1
Project("{8BC9CEB8-8B4A-11D0-8D11-00A0C91BC942}") = "StE", "StE.vcxproj", "{70B22EE6-B88C-468D-9221-333B3376689D}"
EndProject
Global
	GlobalSection(SolutionConfigurationPlatforms) = preSolution
		Debug|x64 = Debug|x64
		Debug|x86 = Debug|x86
		Profile|x64 = Profile|x64
		Profile|x86 = Profile|x86
		Release|x64 = Release|x64
		Release|x86 = Release|x86
		RenderDoc|x64 = RenderDoc|x64
		RenderDoc|x86 = RenderDoc|x86
	EndGlobalSection
	GlobalSection(ProjectConfigurationPlatforms) = postSolution
		{70B22EE6-B88C-468D-9221-333B3376689D}.Debug|x64.ActiveCfg = Debug|x64
		{70B22EE6-B88C-468D-9221-333B3376689D}.Debug|x64.Build.0 = Debug|x64
		{70B22EE6-B88C-468D-9221-333B3376689D}.Debug|x86.ActiveCfg = Debug|Win32
		{70B22EE6-B88C-468D-9221-333B3376689D}.Debug|x86.Build.0 = Debug|Win32
		{70B22EE6-B88C-468D-9221-333B3376689D}.Profile|x64.ActiveCfg = Profile|x64
		{70B22EE6-B88C-468D-9221-333B3376689D}.Profile|x64.Build.0 = Profile|x64
		{70B22EE6-B88C-468D-9221-333B3376689D}.Profile|x86.ActiveCfg = Profile|Win32
		{70B22EE6-B88C-468D-9221-333B3376689D}.Profile|x86.Build.0 = Profile|Win32
		{70B22EE6-B88C-468D-9221-333B3376689D}.Release|x64.ActiveCfg = Release|x64
		{70B22EE6-B88C-468D-9221-333B3376689D}.Release|x64.Build.0 = Release|x64
		{70B22EE6-B88C-468D-9221-333B3376689D}.Release|x86.ActiveCfg = Release|Win32
		{70B22EE6-B88C-468D-9221-333B3376689D}.Release|x86.Build.0 = Release|Win32
		{70B22EE6-B88C-468D-9221-333B3376689D}.RenderDoc|x64.ActiveCfg = RenderDoc|x64
		{70B22EE6-B88C-468D-9221-333B3376689D}.RenderDoc|x64.Build.0 = RenderDoc|x64
		{70B22EE6-B88C-468D-9221-333B3376689D}.RenderDoc|x86.ActiveCfg = RenderDoc|Win32
		{70B22EE6-B88C-468D-9221-333B3376689D}.RenderDoc|x86.Build.0 = RenderDoc|Win32
	EndGlobalSection
	GlobalSection(SolutionProperties) = preSolution
		HideSolutionNode = FALSE
	EndGlobalSection
	GlobalSection(ExtensibilityGlobals) = postSolution
		SolutionGuid = {733E1FD6-2BFF-4C3C-B46F-EA2DCAC5F890}
	EndGlobalSection
EndGlobal
