<?xml version="1.0" encoding="UTF-8"?>
<Project ToolsVersion="15.0" xmlns="http://schemas.microsoft.com/developer/msbuild/2003">
  <ItemGroup>
    <ClCompile Include="D:\src\git\StE\Simulation\Tools\ste_spirv_compiler\glslang\glslang\MachineIndependent\glslang_tab.cpp">
      <Filter>MachineIndependent</Filter>
    </ClCompile>
    <ClCompile Include="D:\src\git\StE\Simulation\Tools\ste_spirv_compiler\glslang\glslang\MachineIndependent\Constant.cpp">
      <Filter>MachineIndependent</Filter>
    </ClCompile>
    <ClCompile Include="D:\src\git\StE\Simulation\Tools\ste_spirv_compiler\glslang\glslang\MachineIndependent\iomapper.cpp">
      <Filter>MachineIndependent</Filter>
    </ClCompile>
    <ClCompile Include="D:\src\git\StE\Simulation\Tools\ste_spirv_compiler\glslang\glslang\MachineIndependent\InfoSink.cpp">
      <Filter>MachineIndependent</Filter>
    </ClCompile>
    <ClCompile Include="D:\src\git\StE\Simulation\Tools\ste_spirv_compiler\glslang\glslang\MachineIndependent\Initialize.cpp">
      <Filter>MachineIndependent</Filter>
    </ClCompile>
    <ClCompile Include="D:\src\git\StE\Simulation\Tools\ste_spirv_compiler\glslang\glslang\MachineIndependent\IntermTraverse.cpp">
      <Filter>MachineIndependent</Filter>
    </ClCompile>
    <ClCompile Include="D:\src\git\StE\Simulation\Tools\ste_spirv_compiler\glslang\glslang\MachineIndependent\Intermediate.cpp">
      <Filter>MachineIndependent</Filter>
    </ClCompile>
    <ClCompile Include="D:\src\git\StE\Simulation\Tools\ste_spirv_compiler\glslang\glslang\MachineIndependent\ParseContextBase.cpp">
      <Filter>MachineIndependent</Filter>
    </ClCompile>
    <ClCompile Include="D:\src\git\StE\Simulation\Tools\ste_spirv_compiler\glslang\glslang\MachineIndependent\ParseHelper.cpp">
      <Filter>MachineIndependent</Filter>
    </ClCompile>
    <ClCompile Include="D:\src\git\StE\Simulation\Tools\ste_spirv_compiler\glslang\glslang\MachineIndependent\PoolAlloc.cpp">
      <Filter>MachineIndependent</Filter>
    </ClCompile>
    <ClCompile Include="D:\src\git\StE\Simulation\Tools\ste_spirv_compiler\glslang\glslang\MachineIndependent\RemoveTree.cpp">
      <Filter>MachineIndependent</Filter>
    </ClCompile>
    <ClCompile Include="D:\src\git\StE\Simulation\Tools\ste_spirv_compiler\glslang\glslang\MachineIndependent\Scan.cpp">
      <Filter>MachineIndependent</Filter>
    </ClCompile>
    <ClCompile Include="D:\src\git\StE\Simulation\Tools\ste_spirv_compiler\glslang\glslang\MachineIndependent\ShaderLang.cpp">
      <Filter>MachineIndependent</Filter>
    </ClCompile>
    <ClCompile Include="D:\src\git\StE\Simulation\Tools\ste_spirv_compiler\glslang\glslang\MachineIndependent\SymbolTable.cpp">
      <Filter>MachineIndependent</Filter>
    </ClCompile>
    <ClCompile Include="D:\src\git\StE\Simulation\Tools\ste_spirv_compiler\glslang\glslang\MachineIndependent\Versions.cpp">
      <Filter>MachineIndependent</Filter>
    </ClCompile>
    <ClCompile Include="D:\src\git\StE\Simulation\Tools\ste_spirv_compiler\glslang\glslang\MachineIndependent\intermOut.cpp">
      <Filter>MachineIndependent</Filter>
    </ClCompile>
    <ClCompile Include="D:\src\git\StE\Simulation\Tools\ste_spirv_compiler\glslang\glslang\MachineIndependent\limits.cpp">
      <Filter>MachineIndependent</Filter>
    </ClCompile>
    <ClCompile Include="D:\src\git\StE\Simulation\Tools\ste_spirv_compiler\glslang\glslang\MachineIndependent\linkValidate.cpp">
      <Filter>MachineIndependent</Filter>
    </ClCompile>
    <ClCompile Include="D:\src\git\StE\Simulation\Tools\ste_spirv_compiler\glslang\glslang\MachineIndependent\parseConst.cpp">
      <Filter>MachineIndependent</Filter>
    </ClCompile>
    <ClCompile Include="D:\src\git\StE\Simulation\Tools\ste_spirv_compiler\glslang\glslang\MachineIndependent\reflection.cpp">
      <Filter>MachineIndependent</Filter>
    </ClCompile>
    <ClCompile Include="D:\src\git\StE\Simulation\Tools\ste_spirv_compiler\glslang\glslang\MachineIndependent\preprocessor\Pp.cpp">
      <Filter>MachineIndependent\Preprocessor</Filter>
    </ClCompile>
    <ClCompile Include="D:\src\git\StE\Simulation\Tools\ste_spirv_compiler\glslang\glslang\MachineIndependent\preprocessor\PpAtom.cpp">
      <Filter>MachineIndependent\Preprocessor</Filter>
    </ClCompile>
    <ClCompile Include="D:\src\git\StE\Simulation\Tools\ste_spirv_compiler\glslang\glslang\MachineIndependent\preprocessor\PpContext.cpp">
      <Filter>MachineIndependent\Preprocessor</Filter>
    </ClCompile>
    <ClCompile Include="D:\src\git\StE\Simulation\Tools\ste_spirv_compiler\glslang\glslang\MachineIndependent\preprocessor\PpScanner.cpp">
      <Filter>MachineIndependent\Preprocessor</Filter>
    </ClCompile>
    <ClCompile Include="D:\src\git\StE\Simulation\Tools\ste_spirv_compiler\glslang\glslang\MachineIndependent\preprocessor\PpTokens.cpp">
      <Filter>MachineIndependent\Preprocessor</Filter>
    </ClCompile>
    <ClCompile Include="D:\src\git\StE\Simulation\Tools\ste_spirv_compiler\glslang\glslang\MachineIndependent\propagateNoContraction.cpp">
      <Filter>MachineIndependent</Filter>
    </ClCompile>
    <ClCompile Include="D:\src\git\StE\Simulation\Tools\ste_spirv_compiler\glslang\glslang\GenericCodeGen\CodeGen.cpp">
      <Filter>GenericCodeGen</Filter>
    </ClCompile>
    <ClCompile Include="D:\src\git\StE\Simulation\Tools\ste_spirv_compiler\glslang\glslang\GenericCodeGen\Link.cpp">
      <Filter>GenericCodeGen</Filter>
    </ClCompile>
  </ItemGroup>
  <ItemGroup>
    <ClInclude Include="D:\src\git\StE\Simulation\Tools\ste_spirv_compiler\glslang\glslang\Public\ShaderLang.h">
      <Filter>Public</Filter>
    </ClInclude>
    <ClInclude Include="D:\src\git\StE\Simulation\Tools\ste_spirv_compiler\glslang\glslang\Include\arrays.h">
      <Filter>Include</Filter>
    </ClInclude>
    <ClInclude Include="D:\src\git\StE\Simulation\Tools\ste_spirv_compiler\glslang\glslang\Include\BaseTypes.h">
      <Filter>Include</Filter>
    </ClInclude>
    <ClInclude Include="D:\src\git\StE\Simulation\Tools\ste_spirv_compiler\glslang\glslang\Include\Common.h">
      <Filter>Include</Filter>
    </ClInclude>
    <ClInclude Include="D:\src\git\StE\Simulation\Tools\ste_spirv_compiler\glslang\glslang\Include\ConstantUnion.h">
      <Filter>Include</Filter>
    </ClInclude>
    <ClInclude Include="D:\src\git\StE\Simulation\Tools\ste_spirv_compiler\glslang\glslang\Include\InfoSink.h">
      <Filter>Include</Filter>
    </ClInclude>
    <ClInclude Include="D:\src\git\StE\Simulation\Tools\ste_spirv_compiler\glslang\glslang\Include\InitializeGlobals.h">
      <Filter>Include</Filter>
    </ClInclude>
    <ClInclude Include="D:\src\git\StE\Simulation\Tools\ste_spirv_compiler\glslang\glslang\Include\intermediate.h">
      <Filter>Include</Filter>
    </ClInclude>
    <ClInclude Include="D:\src\git\StE\Simulation\Tools\ste_spirv_compiler\glslang\glslang\Include\PoolAlloc.h">
      <Filter>Include</Filter>
    </ClInclude>
    <ClInclude Include="D:\src\git\StE\Simulation\Tools\ste_spirv_compiler\glslang\glslang\Include\ResourceLimits.h">
      <Filter>Include</Filter>
    </ClInclude>
    <ClInclude Include="D:\src\git\StE\Simulation\Tools\ste_spirv_compiler\glslang\glslang\Include\revision.h">
      <Filter>Include</Filter>
    </ClInclude>
    <ClInclude Include="D:\src\git\StE\Simulation\Tools\ste_spirv_compiler\glslang\glslang\Include\ShHandle.h">
      <Filter>Include</Filter>
    </ClInclude>
    <ClInclude Include="D:\src\git\StE\Simulation\Tools\ste_spirv_compiler\glslang\glslang\Include\Types.h">
      <Filter>Include</Filter>
    </ClInclude>
    <ClInclude Include="D:\src\git\StE\Simulation\Tools\ste_spirv_compiler\glslang\glslang\MachineIndependent\glslang_tab.cpp.h">
      <Filter>MachineIndependent</Filter>
    </ClInclude>
    <ClInclude Include="D:\src\git\StE\Simulation\Tools\ste_spirv_compiler\glslang\glslang\MachineIndependent\gl_types.h">
      <Filter>MachineIndependent</Filter>
    </ClInclude>
    <ClInclude Include="D:\src\git\StE\Simulation\Tools\ste_spirv_compiler\glslang\glslang\MachineIndependent\Initialize.h">
      <Filter>MachineIndependent</Filter>
    </ClInclude>
    <ClInclude Include="D:\src\git\StE\Simulation\Tools\ste_spirv_compiler\glslang\glslang\MachineIndependent\iomapper.h">
      <Filter>MachineIndependent</Filter>
    </ClInclude>
    <ClInclude Include="D:\src\git\StE\Simulation\Tools\ste_spirv_compiler\glslang\glslang\MachineIndependent\LiveTraverser.h">
      <Filter>MachineIndependent</Filter>
    </ClInclude>
    <ClInclude Include="D:\src\git\StE\Simulation\Tools\ste_spirv_compiler\glslang\glslang\MachineIndependent\localintermediate.h">
      <Filter>MachineIndependent</Filter>
    </ClInclude>
    <ClInclude Include="D:\src\git\StE\Simulation\Tools\ste_spirv_compiler\glslang\glslang\MachineIndependent\ParseHelper.h">
      <Filter>MachineIndependent</Filter>
    </ClInclude>
    <ClInclude Include="D:\src\git\StE\Simulation\Tools\ste_spirv_compiler\glslang\glslang\MachineIndependent\reflection.h">
      <Filter>MachineIndependent</Filter>
    </ClInclude>
    <ClInclude Include="D:\src\git\StE\Simulation\Tools\ste_spirv_compiler\glslang\glslang\MachineIndependent\RemoveTree.h">
      <Filter>MachineIndependent</Filter>
    </ClInclude>
    <ClInclude Include="D:\src\git\StE\Simulation\Tools\ste_spirv_compiler\glslang\glslang\MachineIndependent\Scan.h">
      <Filter>MachineIndependent</Filter>
    </ClInclude>
    <ClInclude Include="D:\src\git\StE\Simulation\Tools\ste_spirv_compiler\glslang\glslang\MachineIndependent\ScanContext.h">
      <Filter>MachineIndependent</Filter>
    </ClInclude>
    <ClInclude Include="D:\src\git\StE\Simulation\Tools\ste_spirv_compiler\glslang\glslang\MachineIndependent\SymbolTable.h">
      <Filter>MachineIndependent</Filter>
    </ClInclude>
    <ClInclude Include="D:\src\git\StE\Simulation\Tools\ste_spirv_compiler\glslang\glslang\MachineIndependent\Versions.h">
      <Filter>MachineIndependent</Filter>
    </ClInclude>
    <ClInclude Include="D:\src\git\StE\Simulation\Tools\ste_spirv_compiler\glslang\glslang\MachineIndependent\parseVersions.h">
      <Filter>MachineIndependent</Filter>
    </ClInclude>
    <ClInclude Include="D:\src\git\StE\Simulation\Tools\ste_spirv_compiler\glslang\glslang\MachineIndependent\propagateNoContraction.h">
      <Filter>MachineIndependent</Filter>
    </ClInclude>
    <ClInclude Include="D:\src\git\StE\Simulation\Tools\ste_spirv_compiler\glslang\glslang\MachineIndependent\preprocessor\PpContext.h">
      <Filter>MachineIndependent\Preprocessor</Filter>
    </ClInclude>
    <ClInclude Include="D:\src\git\StE\Simulation\Tools\ste_spirv_compiler\glslang\glslang\MachineIndependent\preprocessor\PpTokens.h">
      <Filter>MachineIndependent\Preprocessor</Filter>
    </ClInclude>
  </ItemGroup>
  <ItemGroup>
    <CustomBuild Include="D:\src\git\StE\Simulation\Tools\ste_spirv_compiler\glslang\glslang\CMakeLists.txt" />
  </ItemGroup>
  <ItemGroup>
    <None Include="D:\src\git\StE\Simulation\Tools\ste_spirv_compiler\glslang\glslang\MachineIndependent\glslang.y">
      <Filter>MachineIndependent</Filter>
    </None>
  </ItemGroup>
  <ItemGroup>
    <Filter Include="MachineIndependent\Preprocessor">
      <UniqueIdentifier>{A95C7D83-8CEB-31BB-8976-BCE10678D68F}</UniqueIdentifier>
    </Filter>
    <Filter Include="Public">
      <UniqueIdentifier>{096A86E7-D354-3B5D-8192-A8D746336610}</UniqueIdentifier>
    </Filter>
    <Filter Include="MachineIndependent">
      <UniqueIdentifier>{F47372CA-5A58-366F-8C50-6E178E8174FF}</UniqueIdentifier>
    </Filter>
    <Filter Include="Include">
      <UniqueIdentifier>{3F7CA82F-5084-37EF-95F9-5A05BF0813F7}</UniqueIdentifier>
    </Filter>
    <Filter Include="GenericCodeGen">
      <UniqueIdentifier>{8652601E-6642-3ECB-89B7-534BB56144B8}</UniqueIdentifier>
    </Filter>
  </ItemGroup>
</Project>
