<?xml version="1.0" encoding="UTF-8"?>
<Project ToolsVersion="15.0" xmlns="http://schemas.microsoft.com/developer/msbuild/2003">
  <ItemGroup>
    <CustomBuild Include="D:\src\git\StE\Simulation\Tools\ste_spirv_compiler\glslang_build\CMakeFiles\cebd63e2b17e185244e4b12e6e7704f0\INSTALL_force.rule">
      <Filter>CMake Rules</Filter>
    </CustomBuild>
  </ItemGroup>
  <ItemGroup>
    <Filter Include="CMake Rules">
      <UniqueIdentifier>{440A93DB-B512-349B-A6C8-4C5979F99B43}</UniqueIdentifier>
    </Filter>
  </ItemGroup>
</Project>
