<?xml version="1.0" encoding="utf-8"?>
<Project ToolsVersion="4.0" xmlns="http://schemas.microsoft.com/developer/msbuild/2003">
  <ItemGroup>
    <Filter Include="src">
      <UniqueIdentifier>{1e9536d2-32d4-4bf2-a1a9-0e9ef67086e1}</UniqueIdentifier>
    </Filter>
    <Filter Include="src\StE">
      <UniqueIdentifier>{29c1b2b6-3151-4750-b62a-088c2417b3de}</UniqueIdentifier>
    </Filter>
    <Filter Include="src\StE\Core">
      <UniqueIdentifier>{da161e4b-8172-48d5-913b-397b8d29b561}</UniqueIdentifier>
    </Filter>
    <Filter Include="src\StE\Core\LLR">
      <UniqueIdentifier>{3887d1c6-bf52-4cc9-bb3c-12ee08bbfb35}</UniqueIdentifier>
    </Filter>
    <Filter Include="src\StE\Core\LLR\GPU Resources">
      <UniqueIdentifier>{65a01f5f-b64f-435a-abf9-751649127af9}</UniqueIdentifier>
    </Filter>
    <Filter Include="src\StE\Core\LLR\GPU Resources\Surfaces">
      <UniqueIdentifier>{1e31341d-91f5-4aa4-8638-99873b819b78}</UniqueIdentifier>
    </Filter>
    <Filter Include="src\StE\Core\LLR\GPU Resources\Surfaces\Textures">
      <UniqueIdentifier>{53bc72f0-715b-4826-b5f9-b9af1197fbd6}</UniqueIdentifier>
    </Filter>
    <Filter Include="src\StE\Core\LLR\GPU Resources\Surfaces\Textures\impl">
      <UniqueIdentifier>{0b747678-4716-4ef4-8c95-528171c5d3b0}</UniqueIdentifier>
    </Filter>
    <Filter Include="src\StE\Core\LLR\GPU Resources\Surfaces\FBO">
      <UniqueIdentifier>{5bd9d2c1-f976-4762-9fcf-74da172fcdd8}</UniqueIdentifier>
    </Filter>
    <Filter Include="src\StE\Core\LLR\GPU Resources\Shaders">
      <UniqueIdentifier>{73aac61e-fd1f-453f-a208-0877dc0fb68c}</UniqueIdentifier>
    </Filter>
    <Filter Include="src\StE\Core\LLR\GPU Resources\Buffers">
      <UniqueIdentifier>{a180a76c-4770-44df-b971-238d71273cfe}</UniqueIdentifier>
    </Filter>
    <Filter Include="src\StE\Core\LLR\GPU Resources\Buffers\Vertex Storage">
      <UniqueIdentifier>{56db4d3c-4bf8-4ce3-9c5f-a7204c3b6af7}</UniqueIdentifier>
    </Filter>
    <Filter Include="src\StE\Core\Log">
      <UniqueIdentifier>{97667693-d003-4c64-a83e-b0998f5f9db6}</UniqueIdentifier>
    </Filter>
    <Filter Include="src\StE\Core\EngineControl">
      <UniqueIdentifier>{5aa9ea02-6ed7-4cd9-935a-09a5f10de3e3}</UniqueIdentifier>
    </Filter>
    <Filter Include="src\StE\Core\EngineControl\HID">
      <UniqueIdentifier>{abef885f-0954-42ba-8184-6d49823b3623}</UniqueIdentifier>
    </Filter>
    <Filter Include="src\StE\Core\LLR\GPU Resources\Buffers\Data Storage">
      <UniqueIdentifier>{51811f4f-ecbc-4230-a4f5-c81610c6791d}</UniqueIdentifier>
    </Filter>
    <Filter Include="src\StE\STL Extensions">
      <UniqueIdentifier>{510e7be2-9a52-4dac-a6e2-978c9d07d98a}</UniqueIdentifier>
    </Filter>
    <Filter Include="src\StE\STL Extensions\Signal">
      <UniqueIdentifier>{a30c021e-385a-4012-b1af-78fa6f615970}</UniqueIdentifier>
    </Filter>
    <Filter Include="src\StE\STL Extensions\Threading">
      <UniqueIdentifier>{c6a2d17d-1c3e-4d1a-8577-0f4e99074b26}</UniqueIdentifier>
    </Filter>
    <Filter Include="src\StE\STL Extensions\Concurrency">
      <UniqueIdentifier>{03b1e43a-2697-4208-a17c-4b6f85b6f967}</UniqueIdentifier>
    </Filter>
    <Filter Include="src\StE\STL Extensions\Platform Dependant">
      <UniqueIdentifier>{c9d73512-77d7-4a54-96af-b13ea09c1a8d}</UniqueIdentifier>
    </Filter>
    <Filter Include="src\StE\Core\Scheduling and Thread Pooling">
      <UniqueIdentifier>{170a540a-d40d-4155-9867-c5745c395e31}</UniqueIdentifier>
    </Filter>
    <Filter Include="src\StE\Core\Cache">
      <UniqueIdentifier>{192ed784-6724-4661-a7a0-b55cb3ad06ce}</UniqueIdentifier>
    </Filter>
    <Filter Include="src\StE\Framework Graphics">
      <UniqueIdentifier>{a4aba748-4036-4a9b-b3b6-3cb23f083c1a}</UniqueIdentifier>
    </Filter>
    <Filter Include="src\StE\Framework Graphics\Scene">
      <UniqueIdentifier>{8a1ff3c6-30ba-4c2f-9cc9-79bebf31242a}</UniqueIdentifier>
    </Filter>
    <Filter Include="src\StE\Framework Graphics\Material">
      <UniqueIdentifier>{f8b33e2b-2bfb-431b-8e50-aa1614006924}</UniqueIdentifier>
    </Filter>
    <Filter Include="src\StE\Framework Graphics\Utilities">
      <UniqueIdentifier>{3f9385ca-95aa-45d2-9d11-47caf4f358b4}</UniqueIdentifier>
    </Filter>
    <Filter Include="src\StE\Framework Graphics\Utilities\Camera">
      <UniqueIdentifier>{33db10ab-f602-472d-b248-46e9fdfe9df6}</UniqueIdentifier>
    </Filter>
    <Filter Include="src\StE\Framework Graphics\Utilities\Texture Pools">
      <UniqueIdentifier>{35cbbf06-e073-415b-977d-13816ca55bd0}</UniqueIdentifier>
    </Filter>
    <Filter Include="src\StE\Framework Resources">
      <UniqueIdentifier>{6ef5c636-7c9c-44ae-a9b1-93f8b6b26b7a}</UniqueIdentifier>
    </Filter>
    <Filter Include="src\StE\Framework Resources\Models">
      <UniqueIdentifier>{b16e223c-9adb-46d1-8e8d-c13ef47ef545}</UniqueIdentifier>
    </Filter>
    <Filter Include="src\StE\Framework Resources\Surfaces">
      <UniqueIdentifier>{89155515-b6cd-4854-83be-111b0dca43d6}</UniqueIdentifier>
    </Filter>
    <Filter Include="src\StE\Framework Resources\GLSL Programs">
      <UniqueIdentifier>{173f2263-c695-4972-a569-461a0de536bf}</UniqueIdentifier>
    </Filter>
    <Filter Include="src\StE\Framework Text">
      <UniqueIdentifier>{68dac828-32f6-4fcc-a084-d21e035814c1}</UniqueIdentifier>
    </Filter>
    <Filter Include="src\StE\Framework Text\Rendering">
      <UniqueIdentifier>{d249242f-f4bd-44be-abe0-f09033bb878a}</UniqueIdentifier>
    </Filter>
    <Filter Include="src\StE\Framework Text\Rendering\Shaders">
      <UniqueIdentifier>{b67aa09e-7699-4f34-aaaa-397d5533b814}</UniqueIdentifier>
    </Filter>
    <Filter Include="src\StE\Framework Text\Glyphs">
      <UniqueIdentifier>{c227e5bb-bdf0-4f60-b8a2-efa94b9ab69d}</UniqueIdentifier>
    </Filter>
    <Filter Include="src\StE\Framework Text\Fonts">
      <UniqueIdentifier>{1f7eb895-053e-4cee-856d-dc16cf07bd10}</UniqueIdentifier>
    </Filter>
    <Filter Include="src\StE\Framework Text\Glyphs\Distance Field">
      <UniqueIdentifier>{793c1424-49d8-40fb-8a74-4290a87ce20a}</UniqueIdentifier>
    </Filter>
    <Filter Include="src\StE\Framework Text\Attributed Strings">
      <UniqueIdentifier>{2dec1e04-cfaa-4131-99fc-a0f826121451}</UniqueIdentifier>
    </Filter>
    <Filter Include="src\StE\Framework Text\Attributed Strings\Markup Formatter">
      <UniqueIdentifier>{0b94ecb0-5824-4dd5-9b61-74669a2d6866}</UniqueIdentifier>
    </Filter>
    <Filter Include="src\StE\Core\LLR\GPU Resources\Resource Binding">
      <UniqueIdentifier>{9700f770-bb59-4de7-94e7-af4c49cd9fbb}</UniqueIdentifier>
    </Filter>
    <Filter Include="src\StE\Core\LLR\GPU Resources\Surfaces\RenderTarget">
      <UniqueIdentifier>{cebbb6d1-89c9-4b6f-9d83-c6773d97050d}</UniqueIdentifier>
    </Filter>
    <Filter Include="src\StE\Core\LLR\GL">
      <UniqueIdentifier>{5464cf99-8840-48d6-b46c-1b00f5304d22}</UniqueIdentifier>
    </Filter>
    <Filter Include="src\StE\Core\LLR\GL\Context">
      <UniqueIdentifier>{189db96c-a55e-41f3-b4b5-85e341d59952}</UniqueIdentifier>
    </Filter>
    <Filter Include="src\Global Shaders">
      <UniqueIdentifier>{7a22fd60-b5b1-4cee-a37f-108e499b7722}</UniqueIdentifier>
    </Filter>
  </ItemGroup>
  <ItemGroup>
    <ClCompile Include="stdafx.cpp">
      <Filter>src\StE\Core</Filter>
    </ClCompile>
    <ClCompile Include="GLSLProgram.cpp">
      <Filter>src\StE\Core\LLR\GPU Resources\Shaders</Filter>
    </ClCompile>
    <ClCompile Include="Texture1D.cpp">
      <Filter>src\StE\Core\LLR\GPU Resources\Surfaces\Textures\impl</Filter>
    </ClCompile>
    <ClCompile Include="Texture1DArray.cpp">
      <Filter>src\StE\Core\LLR\GPU Resources\Surfaces\Textures\impl</Filter>
    </ClCompile>
    <ClCompile Include="Texture2D.cpp">
      <Filter>src\StE\Core\LLR\GPU Resources\Surfaces\Textures\impl</Filter>
    </ClCompile>
    <ClCompile Include="Texture2DArray.cpp">
      <Filter>src\StE\Core\LLR\GPU Resources\Surfaces\Textures\impl</Filter>
    </ClCompile>
    <ClCompile Include="Texture3D.cpp">
      <Filter>src\StE\Core\LLR\GPU Resources\Surfaces\Textures\impl</Filter>
    </ClCompile>
    <ClCompile Include="TextureCubeMap.cpp">
      <Filter>src\StE\Core\LLR\GPU Resources\Surfaces\Textures\impl</Filter>
    </ClCompile>
    <ClCompile Include="Camera.cpp">
      <Filter>src\StE\Framework Graphics\Utilities\Camera</Filter>
    </ClCompile>
    <ClCompile Include="Log.cpp">
      <Filter>src\StE\Core\Log</Filter>
    </ClCompile>
    <ClCompile Include="StEngineControl.cpp">
      <Filter>src\StE\Core\EngineControl</Filter>
    </ClCompile>
    <ClCompile Include="main.cpp">
      <Filter>src</Filter>
    </ClCompile>
    <ClCompile Include="Scene.cpp">
      <Filter>src\StE\Framework Graphics\Scene</Filter>
    </ClCompile>
    <ClCompile Include="interruptible_thread.cpp">
      <Filter>src\StE\STL Extensions\Threading</Filter>
    </ClCompile>
    <ClCompile Include="ModelLoader.cpp">
      <Filter>src\StE\Framework Resources\Models</Filter>
    </ClCompile>
    <ClCompile Include="thread_constants.cpp">
      <Filter>src\StE\STL Extensions\Threading</Filter>
    </ClCompile>
    <ClCompile Include="GLSLProgramLoader.cpp">
      <Filter>src\StE\Framework Resources\GLSL Programs</Filter>
    </ClCompile>
    <ClCompile Include="SurfaceIO.cpp">
      <Filter>src\StE\Framework Resources\Surfaces</Filter>
    </ClCompile>
    <ClCompile Include="glyph_factory.cpp">
      <Filter>src\StE\Framework Text\Glyphs</Filter>
    </ClCompile>
    <ClCompile Include="TextRenderer.cpp">
      <Filter>src\StE\Framework Text\Rendering</Filter>
    </ClCompile>
    <ClCompile Include="attrib.cpp">
      <Filter>src\StE\Framework Text\Attributed Strings</Filter>
    </ClCompile>
    <ClCompile Include="gl_utils.cpp">
      <Filter>src\StE\Core\LLR\GL</Filter>
    </ClCompile>
    <ClCompile Include="gl_context.cpp">
      <Filter>src\StE\Core\LLR\GL\Context</Filter>
    </ClCompile>
    <ClCompile Include="gl_current_context.cpp">
      <Filter>src\StE\Core\LLR\GL\Context</Filter>
    </ClCompile>
  </ItemGroup>
  <ItemGroup>
    <ClInclude Include="GLSLProgram.h">
      <Filter>src\StE\Core\LLR\GPU Resources\Shaders</Filter>
    </ClInclude>
    <ClInclude Include="VertexArrayObject.h">
      <Filter>src\StE\Core\LLR\GPU Resources\Buffers\Vertex Storage</Filter>
    </ClInclude>
    <ClInclude Include="VertexBufferObject.h">
      <Filter>src\StE\Core\LLR\GPU Resources\Buffers\Vertex Storage</Filter>
    </ClInclude>
    <ClInclude Include="GLSLShader.h">
      <Filter>src\StE\Core\LLR\GPU Resources\Shaders</Filter>
    </ClInclude>
    <ClInclude Include="Log.h">
      <Filter>src\StE\Core\Log</Filter>
    </ClInclude>
    <ClInclude Include="Texture2D.h">
      <Filter>src\StE\Core\LLR\GPU Resources\Surfaces\Textures</Filter>
    </ClInclude>
    <ClInclude Include="texture_traits.h">
      <Filter>src\StE\Core\LLR\GPU Resources\Surfaces\Textures</Filter>
    </ClInclude>
    <ClInclude Include="Texture3D.h">
      <Filter>src\StE\Core\LLR\GPU Resources\Surfaces\Textures</Filter>
    </ClInclude>
    <ClInclude Include="Texture2DArray.h">
      <Filter>src\StE\Core\LLR\GPU Resources\Surfaces\Textures</Filter>
    </ClInclude>
    <ClInclude Include="Texture1D.h">
      <Filter>src\StE\Core\LLR\GPU Resources\Surfaces\Textures</Filter>
    </ClInclude>
    <ClInclude Include="Texture1DArray.h">
      <Filter>src\StE\Core\LLR\GPU Resources\Surfaces\Textures</Filter>
    </ClInclude>
    <ClInclude Include="Texture2DMS.h">
      <Filter>src\StE\Core\LLR\GPU Resources\Surfaces\Textures</Filter>
    </ClInclude>
    <ClInclude Include="Texture2DMSArray.h">
      <Filter>src\StE\Core\LLR\GPU Resources\Surfaces\Textures</Filter>
    </ClInclude>
    <ClInclude Include="buffer_object.h">
      <Filter>src\StE\Core\LLR\GPU Resources\Buffers</Filter>
    </ClInclude>
    <ClInclude Include="TextureCubeMap.h">
      <Filter>src\StE\Core\LLR\GPU Resources\Surfaces\Textures</Filter>
    </ClInclude>
    <ClInclude Include="Camera.h">
      <Filter>src\StE\Framework Graphics\Utilities\Camera</Filter>
    </ClInclude>
    <ClInclude Include="buffer_usage.h">
      <Filter>src\StE\Core\LLR\GPU Resources\Buffers</Filter>
    </ClInclude>
    <ClInclude Include="ElementBufferObject.h">
      <Filter>src\StE\Core\LLR\GPU Resources\Buffers\Vertex Storage</Filter>
    </ClInclude>
    <ClInclude Include="log_streambuf.h">
      <Filter>src\StE\Core\Log</Filter>
    </ClInclude>
    <ClInclude Include="log_stream_formatter.h">
      <Filter>src\StE\Core\Log</Filter>
    </ClInclude>
    <ClInclude Include="log_ostream.h">
      <Filter>src\StE\Core\Log</Filter>
    </ClInclude>
    <ClInclude Include="log_class.h">
      <Filter>src\StE\Core\Log</Filter>
    </ClInclude>
    <ClInclude Include="log_sink.h">
      <Filter>src\StE\Core\Log</Filter>
    </ClInclude>
    <ClInclude Include="log_entry.h">
      <Filter>src\StE\Core\Log</Filter>
    </ClInclude>
    <ClInclude Include="VertexBufferDescriptor.h">
      <Filter>src\StE\Core\LLR\GPU Resources\Buffers\Vertex Storage</Filter>
    </ClInclude>
    <ClInclude Include="typelist.h">
      <Filter>src\StE\STL Extensions</Filter>
    </ClInclude>
    <ClInclude Include="generate_array.h">
      <Filter>src\StE\STL Extensions</Filter>
    </ClInclude>
    <ClInclude Include="gl_type_traits.h">
      <Filter>src\StE\Core\LLR</Filter>
    </ClInclude>
    <ClInclude Include="FramebufferObject.h">
      <Filter>src\StE\Core\LLR\GPU Resources\Surfaces\FBO</Filter>
    </ClInclude>
    <ClInclude Include="system_provided_framebuffer.h">
      <Filter>src\StE\Core\LLR\GPU Resources\Surfaces\FBO</Filter>
    </ClInclude>
    <ClInclude Include="StEngineControl.h">
      <Filter>src\StE\Core\EngineControl</Filter>
    </ClInclude>
    <ClInclude Include="signal.h">
      <Filter>src\StE\STL Extensions\Signal</Filter>
    </ClInclude>
    <ClInclude Include="connection.h">
      <Filter>src\StE\STL Extensions\Signal</Filter>
    </ClInclude>
    <ClInclude Include="hid.h">
      <Filter>src\StE\Core\EngineControl\HID</Filter>
    </ClInclude>
    <ClInclude Include="keyboard.h">
      <Filter>src\StE\Core\EngineControl\HID</Filter>
    </ClInclude>
    <ClInclude Include="pointer.h">
      <Filter>src\StE\Core\EngineControl\HID</Filter>
    </ClInclude>
    <ClInclude Include="texture_enums.h">
      <Filter>src\StE\Core\LLR\GPU Resources\Surfaces\Textures</Filter>
    </ClInclude>
    <ClInclude Include="texture.h">
      <Filter>src\StE\Core\LLR\GPU Resources\Surfaces\Textures</Filter>
    </ClInclude>
    <ClInclude Include="create_type.h">
      <Filter>src\StE\STL Extensions</Filter>
    </ClInclude>
    <ClInclude Include="texture_pool.h">
      <Filter>src\StE\Framework Graphics\Utilities\Texture Pools</Filter>
    </ClInclude>
    <ClInclude Include="texture_sparse.h">
      <Filter>src\StE\Core\LLR\GPU Resources\Surfaces\Textures</Filter>
    </ClInclude>
    <ClInclude Include="Object.h">
      <Filter>src\StE\Framework Graphics\Scene</Filter>
    </ClInclude>
    <ClInclude Include="Material.h">
      <Filter>src\StE\Framework Graphics\Material</Filter>
    </ClInclude>
    <ClInclude Include="ObjectVertexData.h">
      <Filter>src\StE\Framework Graphics\Scene</Filter>
    </ClInclude>
    <ClInclude Include="Scene.h">
      <Filter>src\StE\Framework Graphics\Scene</Filter>
    </ClInclude>
    <ClInclude Include="buffer_lock.h">
      <Filter>src\StE\Core\LLR\GPU Resources\Buffers</Filter>
    </ClInclude>
    <ClInclude Include="range.h">
      <Filter>src\StE\STL Extensions</Filter>
    </ClInclude>
    <ClInclude Include="mapped_buffer_object_unique_ptr.h">
      <Filter>src\StE\Core\LLR\GPU Resources\Buffers</Filter>
    </ClInclude>
    <ClInclude Include="IndirectDrawBufferObject.h">
      <Filter>src\StE\Core\LLR\GPU Resources\Buffers\Data Storage</Filter>
    </ClInclude>
    <ClInclude Include="PixelBufferObject.h">
      <Filter>src\StE\Core\LLR\GPU Resources\Buffers\Data Storage</Filter>
    </ClInclude>
    <ClInclude Include="ShaderStorageBuffer.h">
      <Filter>src\StE\Core\LLR\GPU Resources\Buffers\Data Storage</Filter>
    </ClInclude>
    <ClInclude Include="interruptible_thread.h">
      <Filter>src\StE\STL Extensions\Threading</Filter>
    </ClInclude>
    <ClInclude Include="scoped_thread.h">
      <Filter>src\StE\STL Extensions\Threading</Filter>
    </ClInclude>
    <ClInclude Include="ModelLoader.h">
      <Filter>src\StE\Framework Resources\Models</Filter>
    </ClInclude>
    <ClInclude Include="concurrent_pointer_recycler.h">
      <Filter>src\StE\STL Extensions\Concurrency</Filter>
    </ClInclude>
    <ClInclude Include="concurrent_queue.h">
      <Filter>src\StE\STL Extensions\Concurrency</Filter>
    </ClInclude>
    <ClInclude Include="concurrent_unordered_map.h">
      <Filter>src\StE\STL Extensions\Concurrency</Filter>
    </ClInclude>
    <ClInclude Include="shared_double_reference_guard.h">
      <Filter>src\StE\STL Extensions\Concurrency</Filter>
    </ClInclude>
    <ClInclude Include="windows.h">
      <Filter>src\StE\STL Extensions\Platform Dependant</Filter>
    </ClInclude>
    <ClInclude Include="trace.h">
      <Filter>src\StE\STL Extensions\Platform Dependant</Filter>
    </ClInclude>
    <ClInclude Include="system_times.h">
      <Filter>src\StE\STL Extensions\Platform Dependant</Filter>
    </ClInclude>
    <ClInclude Include="optional.h">
      <Filter>src\StE\STL Extensions</Filter>
    </ClInclude>
    <ClInclude Include="types.h">
      <Filter>src\StE\STL Extensions</Filter>
    </ClInclude>
    <ClInclude Include="thread_constants.h">
      <Filter>src\StE\STL Extensions\Threading</Filter>
    </ClInclude>
    <ClInclude Include="function_wrapper.h">
      <Filter>src\StE\STL Extensions</Filter>
    </ClInclude>
    <ClInclude Include="function_traits.h">
      <Filter>src\StE\STL Extensions</Filter>
    </ClInclude>
    <ClInclude Include="task_scheduler.h">
      <Filter>src\StE\Core\Scheduling and Thread Pooling</Filter>
    </ClInclude>
    <ClInclude Include="task.h">
      <Filter>src\StE\Core\Scheduling and Thread Pooling</Filter>
    </ClInclude>
    <ClInclude Include="lru_cache.h">
      <Filter>src\StE\Core\Cache</Filter>
    </ClInclude>
    <ClInclude Include="balanced_thread_pool.h">
      <Filter>src\StE\Core\Scheduling and Thread Pooling</Filter>
    </ClInclude>
    <ClInclude Include="lru_cache_cacheable.h">
      <Filter>src\StE\Core\Cache</Filter>
    </ClInclude>
    <ClInclude Include="lru_cache_index.h">
      <Filter>src\StE\Core\Cache</Filter>
    </ClInclude>
    <ClInclude Include="GLSLProgramLoader.h">
      <Filter>src\StE\Framework Resources\GLSL Programs</Filter>
    </ClInclude>
    <ClInclude Include="SurfaceIO.h">
      <Filter>src\StE\Framework Resources\Surfaces</Filter>
    </ClInclude>
    <ClInclude Include="program_binary.h">
      <Filter>src\StE\Framework Resources\GLSL Programs</Filter>
    </ClInclude>
    <ClInclude Include="edtaa3func.h">
      <Filter>src\StE\Framework Text\Glyphs\Distance Field</Filter>
    </ClInclude>
    <ClInclude Include="glyph.h">
      <Filter>src\StE\Framework Text\Glyphs</Filter>
    </ClInclude>
    <ClInclude Include="glyph_factory.h">
      <Filter>src\StE\Framework Text\Glyphs</Filter>
    </ClInclude>
    <ClInclude Include="Font.h">
      <Filter>src\StE\Framework Text\Fonts</Filter>
    </ClInclude>
    <ClInclude Include="make_distance_map.h">
      <Filter>src\StE\Framework Text\Glyphs\Distance Field</Filter>
    </ClInclude>
    <ClInclude Include="glyph_manager.h">
      <Filter>src\StE\Framework Text\Glyphs</Filter>
    </ClInclude>
    <ClInclude Include="TextRenderer.h">
      <Filter>src\StE\Framework Text\Rendering</Filter>
    </ClInclude>
    <ClInclude Include="thread_priority.h">
      <Filter>src\StE\STL Extensions\Platform Dependant</Filter>
    </ClInclude>
    <ClInclude Include="attrib.h">
      <Filter>src\StE\Framework Text\Attributed Strings</Filter>
    </ClInclude>
    <ClInclude Include="attributed_string.h">
      <Filter>src\StE\Framework Text\Attributed Strings</Filter>
    </ClInclude>
    <ClInclude Include="remove_iterator_constness.h">
      <Filter>src\StE\STL Extensions</Filter>
    </ClInclude>
    <ClInclude Include="AttributedString.h">
      <Filter>src\StE\Framework Text\Attributed Strings</Filter>
    </ClInclude>
    <ClInclude Include="attributed_string_htm_formatter.h">
      <Filter>src\StE\Framework Text\Attributed Strings\Markup Formatter</Filter>
    </ClInclude>
    <ClInclude Include="getcwd.h">
      <Filter>src\StE\STL Extensions\Platform Dependant</Filter>
    </ClInclude>
    <ClInclude Include="buffer_object_cast.h">
      <Filter>src\StE\Core\LLR\GPU Resources\Buffers</Filter>
    </ClInclude>
    <ClInclude Include="Sampler.h">
      <Filter>src\StE\Core\LLR\GPU Resources\Surfaces</Filter>
    </ClInclude>
    <ClInclude Include="image.h">
      <Filter>src\StE\Core\LLR\GPU Resources\Surfaces</Filter>
    </ClInclude>
    <ClInclude Include="texture_handle.h">
      <Filter>src\StE\Core\LLR\GPU Resources\Surfaces</Filter>
    </ClInclude>
    <ClInclude Include="AtomicCounterBufferObject.h">
      <Filter>src\StE\Core\LLR\GPU Resources\Buffers\Data Storage</Filter>
    </ClInclude>
    <ClInclude Include="IndirectDispatchBufferObject.h">
      <Filter>src\StE\Core\LLR\GPU Resources\Buffers\Data Storage</Filter>
    </ClInclude>
    <ClInclude Include="gl_utils.h">
      <Filter>src\StE\Core\LLR\GL</Filter>
    </ClInclude>
    <ClInclude Include="resource.h">
      <Filter>src\StE\Core\LLR\GPU Resources</Filter>
    </ClInclude>
    <ClInclude Include="resource_traits.h">
      <Filter>src\StE\Core\LLR\GPU Resources</Filter>
    </ClInclude>
    <ClInclude Include="llr_resource_type.h">
      <Filter>src\StE\Core\LLR\GPU Resources</Filter>
    </ClInclude>
    <ClInclude Include="resource_allocator.h">
      <Filter>src\StE\Core\LLR\GPU Resources</Filter>
    </ClInclude>
    <ClInclude Include="bindable_resource.h">
      <Filter>src\StE\Core\LLR\GPU Resources\Resource Binding</Filter>
    </ClInclude>
    <ClInclude Include="layout_binding.h">
      <Filter>src\StE\Core\LLR\GPU Resources\Resource Binding</Filter>
    </ClInclude>
    <ClInclude Include="shader_layout_bindable_resource.h">
      <Filter>src\StE\Core\LLR\GPU Resources\Resource Binding</Filter>
    </ClInclude>
    <ClInclude Include="texture_allocator.h">
      <Filter>src\StE\Core\LLR\GPU Resources\Surfaces\Textures</Filter>
    </ClInclude>
    <ClInclude Include="buffer_object_allocator.h">
      <Filter>src\StE\Core\LLR\GPU Resources\Buffers</Filter>
    </ClInclude>
    <ClInclude Include="RenderTarget.h">
      <Filter>src\StE\Core\LLR\GPU Resources\Surfaces\RenderTarget</Filter>
    </ClInclude>
    <ClInclude Include="render_target_allocator.h">
      <Filter>src\StE\Core\LLR\GPU Resources\Surfaces\RenderTarget</Filter>
    </ClInclude>
    <ClInclude Include="gl_context.h">
      <Filter>src\StE\Core\LLR\GL\Context</Filter>
    </ClInclude>
    <ClInclude Include="gl_current_context.h">
      <Filter>src\StE\Core\LLR\GL\Context</Filter>
    </ClInclude>
    <ClInclude Include="bokeh_bokeh.geom">
      <Filter>src\Global Shaders</Filter>
    </ClInclude>
  </ItemGroup>
  <ItemGroup>
    <None Include="stdafx.h">
      <Filter>src\StE\Core</Filter>
    </None>
    <None Include="transform.vert">
      <Filter>src\Global Shaders</Filter>
    </None>
    <None Include="frag.frag">
      <Filter>src\Global Shaders</Filter>
    </None>
    <None Include="texture.frag">
      <Filter>src\Global Shaders</Filter>
    </None>
    <None Include="ssao.frag">
      <Filter>src\Global Shaders</Filter>
    </None>
    <None Include="passthrough.vert">
      <Filter>src\Global Shaders</Filter>
    </None>
    <None Include="passthrough_light.vert">
      <Filter>src\Global Shaders</Filter>
    </None>
    <None Include="lighting.frag">
      <Filter>src\Global Shaders</Filter>
    </None>
    <None Include="gen_depth_layers.frag">
      <Filter>src\Global Shaders</Filter>
    </None>
    <None Include="text_distance_map_contour.frag">
      <Filter>src\StE\Framework Text\Rendering\Shaders</Filter>
    </None>
    <None Include="text_distance_map_contour.vert">
      <Filter>src\StE\Framework Text\Rendering\Shaders</Filter>
    </None>
    <None Include="text_distance_map_contour.geom">
      <Filter>src\StE\Framework Text\Rendering\Shaders</Filter>
    </None>
    <None Include="lanczos.frag">
      <Filter>src\Global Shaders</Filter>
    </None>
    <None Include="hdr_tonemap.frag">
      <Filter>src\Global Shaders</Filter>
    </None>
    <None Include="hdr_common.glsl">
      <Filter>src\Global Shaders</Filter>
    </None>
    <None Include="hdr_compute_histogram_sums.glsl">
      <Filter>src\Global Shaders</Filter>
    </None>
    <None Include="hdr_compute_minmax.frag">
      <Filter>src\Global Shaders</Filter>
    </None>
    <None Include="hdr_create_histogram.glsl">
      <Filter>src\Global Shaders</Filter>
    </None>
    <None Include="bokeh_compute_coc.glsl">
      <Filter>src\Global Shaders</Filter>
    </None>
    <None Include="bokeh_bilateral_blur_x.frag">
      <Filter>src\Global Shaders</Filter>
    </None>
    <None Include="bokeh_bilateral_blur_y.frag">
      <Filter>src\Global Shaders</Filter>
    </None>
    <None Include="bokeh_bokeh.vert">
      <Filter>src\Global Shaders</Filter>
    </None>
    <None Include="bokeh_bokeh.frag">
      <Filter>src\Global Shaders</Filter>
    </None>
  </ItemGroup>
</Project>