Microsoft Visual Studio Solution File, Format Version 12.00
# Visual Studio 15
Project("{2150E333-8FDC-42A3-9474-1A3956D46DE8}") = "CMakePredefinedTargets", "CMakePredefinedTargets", "{091CFCD6-1F17-3F58-8214-284A9D5DF951}"
EndProject
Project("{2150E333-8FDC-42A3-9474-1A3956D46DE8}") = "CTestDashboardTargets", "CTestDashboardTargets", "{195779A3-E6CD-3710-A2B2-852984DB16F6}"
EndProject
Project("{2150E333-8FDC-42A3-9474-1A3956D46DE8}") = "glslang", "glslang", "{8C7EE97D-8FAA-322A-8492-90BB61CA42FC}"
EndProject
Project("{2150E333-8FDC-42A3-9474-1A3956D46DE8}") = "hlsl", "hlsl", "{C148051F-DED6-3A7D-B1AB-7F51B6D5A501}"
EndProject
Project("{2150E333-8FDC-42A3-9474-1A3956D46DE8}") = "tools", "tools", "{E65B752A-0351-3160-858B-810E65EE19CA}"
EndProject
Project("{8BC9CEB8-8B4A-11D0-8D11-00A0C91BC942}") = "ALL_BUILD", "ALL_BUILD.vcxproj", "{0BAD72C5-590A-336F-9EC0-73774B72422B}"
	ProjectSection(ProjectDependencies) = postProject
		{100D3C7E-4BE3-3391-ACC4-FEC28F825892} = {100D3C7E-4BE3-3391-ACC4-FEC28F825892}
		{64B1C02E-ED1E-3F7B-9992-713A0661E408} = {64B1C02E-ED1E-3F7B-9992-713A0661E408}
		{B80A8F71-4870-3D5C-86A7-ED18E180C5F7} = {B80A8F71-4870-3D5C-86A7-ED18E180C5F7}
		{B6F4FF09-7205-3E7A-AC5D-EF7742564E7E} = {B6F4FF09-7205-3E7A-AC5D-EF7742564E7E}
		{959338B9-1E28-3B20-B619-D4529DD29D38} = {959338B9-1E28-3B20-B619-D4529DD29D38}
		{24E4542A-9912-32D0-B3BC-E5AC302F6E31} = {24E4542A-9912-32D0-B3BC-E5AC302F6E31}
		{E1454996-09F3-3547-BAFB-930A9404F12E} = {E1454996-09F3-3547-BAFB-930A9404F12E}
		{C26AAFEB-CD03-30C6-88F7-2C3DFB788FE4} = {C26AAFEB-CD03-30C6-88F7-2C3DFB788FE4}
		{512D9B1B-5393-3CA3-97EA-5FDAC71FE285} = {512D9B1B-5393-3CA3-97EA-5FDAC71FE285}
		{E38DC723-2F14-3050-A876-E55E72482FEE} = {E38DC723-2F14-3050-A876-E55E72482FEE}
	EndProjectSection
EndProject
Project("{8BC9CEB8-8B4A-11D0-8D11-00A0C91BC942}") = "Continuous", "Continuous.vcxproj", "{1D123A82-7EBD-3736-AA58-9ADE93374C03}"
	ProjectSection(ProjectDependencies) = postProject
		{24E4542A-9912-32D0-B3BC-E5AC302F6E31} = {24E4542A-9912-32D0-B3BC-E5AC302F6E31}
	EndProjectSection
EndProject
Project("{8BC9CEB8-8B4A-11D0-8D11-00A0C91BC942}") = "Experimental", "Experimental.vcxproj", "{6244E80D-CF00-3CEC-98F8-0A6999DA11B0}"
	ProjectSection(ProjectDependencies) = postProject
		{24E4542A-9912-32D0-B3BC-E5AC302F6E31} = {24E4542A-9912-32D0-B3BC-E5AC302F6E31}
	EndProjectSection
EndProject
Project("{8BC9CEB8-8B4A-11D0-8D11-00A0C91BC942}") = "HLSL", "hlsl\HLSL.vcxproj", "{100D3C7E-4BE3-3391-ACC4-FEC28F825892}"
	ProjectSection(ProjectDependencies) = postProject
		{24E4542A-9912-32D0-B3BC-E5AC302F6E31} = {24E4542A-9912-32D0-B3BC-E5AC302F6E31}
	EndProjectSection
EndProject
Project("{8BC9CEB8-8B4A-11D0-8D11-00A0C91BC942}") = "INSTALL", "INSTALL.vcxproj", "{1E226648-C3EF-30E0-8FF6-FE13A7B5E54F}"
	ProjectSection(ProjectDependencies) = postProject
		{0BAD72C5-590A-336F-9EC0-73774B72422B} = {0BAD72C5-590A-336F-9EC0-73774B72422B}
		{24E4542A-9912-32D0-B3BC-E5AC302F6E31} = {24E4542A-9912-32D0-B3BC-E5AC302F6E31}
	EndProjectSection
EndProject
Project("{8BC9CEB8-8B4A-11D0-8D11-00A0C91BC942}") = "Nightly", "Nightly.vcxproj", "{BA549C19-A43C-3DFB-B962-588EC1BA81B9}"
	ProjectSection(ProjectDependencies) = postProject
		{24E4542A-9912-32D0-B3BC-E5AC302F6E31} = {24E4542A-9912-32D0-B3BC-E5AC302F6E31}
	EndProjectSection
EndProject
Project("{8BC9CEB8-8B4A-11D0-8D11-00A0C91BC942}") = "NightlyMemoryCheck", "NightlyMemoryCheck.vcxproj", "{54CE8324-C199-3E72-88BA-2267D2B29693}"
	ProjectSection(ProjectDependencies) = postProject
		{24E4542A-9912-32D0-B3BC-E5AC302F6E31} = {24E4542A-9912-32D0-B3BC-E5AC302F6E31}
	EndProjectSection
EndProject
Project("{8BC9CEB8-8B4A-11D0-8D11-00A0C91BC942}") = "OGLCompiler", "OGLCompilersDLL\OGLCompiler.vcxproj", "{64B1C02E-ED1E-3F7B-9992-713A0661E408}"
	ProjectSection(ProjectDependencies) = postProject
		{24E4542A-9912-32D0-B3BC-E5AC302F6E31} = {24E4542A-9912-32D0-B3BC-E5AC302F6E31}
	EndProjectSection
EndProject
Project("{8BC9CEB8-8B4A-11D0-8D11-00A0C91BC942}") = "OSDependent", "glslang\OSDependent\Windows\OSDependent.vcxproj", "{B80A8F71-4870-3D5C-86A7-ED18E180C5F7}"
	ProjectSection(ProjectDependencies) = postProject
		{24E4542A-9912-32D0-B3BC-E5AC302F6E31} = {24E4542A-9912-32D0-B3BC-E5AC302F6E31}
	EndProjectSection
EndProject
Project("{8BC9CEB8-8B4A-11D0-8D11-00A0C91BC942}") = "RUN_TESTS", "RUN_TESTS.vcxproj", "{83989D40-8E79-381D-AEF6-CFE5A223755D}"
	ProjectSection(ProjectDependencies) = postProject
		{24E4542A-9912-32D0-B3BC-E5AC302F6E31} = {24E4542A-9912-32D0-B3BC-E5AC302F6E31}
	EndProjectSection
EndProject
Project("{8BC9CEB8-8B4A-11D0-8D11-00A0C91BC942}") = "SPIRV", "SPIRV\SPIRV.vcxproj", "{B6F4FF09-7205-3E7A-AC5D-EF7742564E7E}"
	ProjectSection(ProjectDependencies) = postProject
		{100D3C7E-4BE3-3391-ACC4-FEC28F825892} = {100D3C7E-4BE3-3391-ACC4-FEC28F825892}
		{64B1C02E-ED1E-3F7B-9992-713A0661E408} = {64B1C02E-ED1E-3F7B-9992-713A0661E408}
		{B80A8F71-4870-3D5C-86A7-ED18E180C5F7} = {B80A8F71-4870-3D5C-86A7-ED18E180C5F7}
		{24E4542A-9912-32D0-B3BC-E5AC302F6E31} = {24E4542A-9912-32D0-B3BC-E5AC302F6E31}
		{E1454996-09F3-3547-BAFB-930A9404F12E} = {E1454996-09F3-3547-BAFB-930A9404F12E}
	EndProjectSection
EndProject
Project("{8BC9CEB8-8B4A-11D0-8D11-00A0C91BC942}") = "SPVRemapper", "SPIRV\SPVRemapper.vcxproj", "{959338B9-1E28-3B20-B619-D4529DD29D38}"
	ProjectSection(ProjectDependencies) = postProject
		{24E4542A-9912-32D0-B3BC-E5AC302F6E31} = {24E4542A-9912-32D0-B3BC-E5AC302F6E31}
	EndProjectSection
EndProject
Project("{8BC9CEB8-8B4A-11D0-8D11-00A0C91BC942}") = "ZERO_CHECK", "ZERO_CHECK.vcxproj", "{24E4542A-9912-32D0-B3BC-E5AC302F6E31}"
	ProjectSection(ProjectDependencies) = postProject
	EndProjectSection
EndProject
Project("{8BC9CEB8-8B4A-11D0-8D11-00A0C91BC942}") = "glslang", "glslang\glslang.vcxproj", "{E1454996-09F3-3547-BAFB-930A9404F12E}"
	ProjectSection(ProjectDependencies) = postProject
		{100D3C7E-4BE3-3391-ACC4-FEC28F825892} = {100D3C7E-4BE3-3391-ACC4-FEC28F825892}
		{64B1C02E-ED1E-3F7B-9992-713A0661E408} = {64B1C02E-ED1E-3F7B-9992-713A0661E408}
		{B80A8F71-4870-3D5C-86A7-ED18E180C5F7} = {B80A8F71-4870-3D5C-86A7-ED18E180C5F7}
		{24E4542A-9912-32D0-B3BC-E5AC302F6E31} = {24E4542A-9912-32D0-B3BC-E5AC302F6E31}
	EndProjectSection
EndProject
Project("{8BC9CEB8-8B4A-11D0-8D11-00A0C91BC942}") = "glslang-default-resource-limits", "StandAlone\glslang-default-resource-limits.vcxproj", "{C26AAFEB-CD03-30C6-88F7-2C3DFB788FE4}"
	ProjectSection(ProjectDependencies) = postProject
		{24E4542A-9912-32D0-B3BC-E5AC302F6E31} = {24E4542A-9912-32D0-B3BC-E5AC302F6E31}
	EndProjectSection
EndProject
Project("{8BC9CEB8-8B4A-11D0-8D11-00A0C91BC942}") = "glslangValidator", "StandAlone\glslangValidator.vcxproj", "{512D9B1B-5393-3CA3-97EA-5FDAC71FE285}"
	ProjectSection(ProjectDependencies) = postProject
		{100D3C7E-4BE3-3391-ACC4-FEC28F825892} = {100D3C7E-4BE3-3391-ACC4-FEC28F825892}
		{64B1C02E-ED1E-3F7B-9992-713A0661E408} = {64B1C02E-ED1E-3F7B-9992-713A0661E408}
		{B80A8F71-4870-3D5C-86A7-ED18E180C5F7} = {B80A8F71-4870-3D5C-86A7-ED18E180C5F7}
		{B6F4FF09-7205-3E7A-AC5D-EF7742564E7E} = {B6F4FF09-7205-3E7A-AC5D-EF7742564E7E}
		{959338B9-1E28-3B20-B619-D4529DD29D38} = {959338B9-1E28-3B20-B619-D4529DD29D38}
		{24E4542A-9912-32D0-B3BC-E5AC302F6E31} = {24E4542A-9912-32D0-B3BC-E5AC302F6E31}
		{E1454996-09F3-3547-BAFB-930A9404F12E} = {E1454996-09F3-3547-BAFB-930A9404F12E}
		{C26AAFEB-CD03-30C6-88F7-2C3DFB788FE4} = {C26AAFEB-CD03-30C6-88F7-2C3DFB788FE4}
	EndProjectSection
EndProject
Project("{8BC9CEB8-8B4A-11D0-8D11-00A0C91BC942}") = "spirv-remap", "StandAlone\spirv-remap.vcxproj", "{E38DC723-2F14-3050-A876-E55E72482FEE}"
	ProjectSection(ProjectDependencies) = postProject
		{100D3C7E-4BE3-3391-ACC4-FEC28F825892} = {100D3C7E-4BE3-3391-ACC4-FEC28F825892}
		{64B1C02E-ED1E-3F7B-9992-713A0661E408} = {64B1C02E-ED1E-3F7B-9992-713A0661E408}
		{B80A8F71-4870-3D5C-86A7-ED18E180C5F7} = {B80A8F71-4870-3D5C-86A7-ED18E180C5F7}
		{B6F4FF09-7205-3E7A-AC5D-EF7742564E7E} = {B6F4FF09-7205-3E7A-AC5D-EF7742564E7E}
		{959338B9-1E28-3B20-B619-D4529DD29D38} = {959338B9-1E28-3B20-B619-D4529DD29D38}
		{24E4542A-9912-32D0-B3BC-E5AC302F6E31} = {24E4542A-9912-32D0-B3BC-E5AC302F6E31}
		{E1454996-09F3-3547-BAFB-930A9404F12E} = {E1454996-09F3-3547-BAFB-930A9404F12E}
		{C26AAFEB-CD03-30C6-88F7-2C3DFB788FE4} = {C26AAFEB-CD03-30C6-88F7-2C3DFB788FE4}
	EndProjectSection
EndProject
Global
	GlobalSection(SolutionConfigurationPlatforms) = preSolution
		Debug|Win32 = Debug|Win32
		Release|Win32 = Release|Win32
	EndGlobalSection
	GlobalSection(ProjectConfigurationPlatforms) = postSolution
		{0BAD72C5-590A-336F-9EC0-73774B72422B}.Debug|Win32.ActiveCfg = Debug|Win32
		{0BAD72C5-590A-336F-9EC0-73774B72422B}.Debug|Win32.Build.0 = Debug|Win32
		{0BAD72C5-590A-336F-9EC0-73774B72422B}.Release|Win32.ActiveCfg = Release|Win32
		{0BAD72C5-590A-336F-9EC0-73774B72422B}.Release|Win32.Build.0 = Release|Win32
		{1D123A82-7EBD-3736-AA58-9ADE93374C03}.Debug|Win32.ActiveCfg = Debug|Win32
		{1D123A82-7EBD-3736-AA58-9ADE93374C03}.Release|Win32.ActiveCfg = Release|Win32
		{6244E80D-CF00-3CEC-98F8-0A6999DA11B0}.Debug|Win32.ActiveCfg = Debug|Win32
		{6244E80D-CF00-3CEC-98F8-0A6999DA11B0}.Release|Win32.ActiveCfg = Release|Win32
		{100D3C7E-4BE3-3391-ACC4-FEC28F825892}.Debug|Win32.ActiveCfg = Debug|Win32
		{100D3C7E-4BE3-3391-ACC4-FEC28F825892}.Debug|Win32.Build.0 = Debug|Win32
		{100D3C7E-4BE3-3391-ACC4-FEC28F825892}.Release|Win32.ActiveCfg = Release|Win32
		{100D3C7E-4BE3-3391-ACC4-FEC28F825892}.Release|Win32.Build.0 = Release|Win32
		{1E226648-C3EF-30E0-8FF6-FE13A7B5E54F}.Debug|Win32.ActiveCfg = Debug|Win32
		{1E226648-C3EF-30E0-8FF6-FE13A7B5E54F}.Release|Win32.ActiveCfg = Release|Win32
		{BA549C19-A43C-3DFB-B962-588EC1BA81B9}.Debug|Win32.ActiveCfg = Debug|Win32
		{BA549C19-A43C-3DFB-B962-588EC1BA81B9}.Release|Win32.ActiveCfg = Release|Win32
		{54CE8324-C199-3E72-88BA-2267D2B29693}.Debug|Win32.ActiveCfg = Debug|Win32
		{54CE8324-C199-3E72-88BA-2267D2B29693}.Release|Win32.ActiveCfg = Release|Win32
		{64B1C02E-ED1E-3F7B-9992-713A0661E408}.Debug|Win32.ActiveCfg = Debug|Win32
		{64B1C02E-ED1E-3F7B-9992-713A0661E408}.Debug|Win32.Build.0 = Debug|Win32
		{64B1C02E-ED1E-3F7B-9992-713A0661E408}.Release|Win32.ActiveCfg = Release|Win32
		{64B1C02E-ED1E-3F7B-9992-713A0661E408}.Release|Win32.Build.0 = Release|Win32
		{B80A8F71-4870-3D5C-86A7-ED18E180C5F7}.Debug|Win32.ActiveCfg = Debug|Win32
		{B80A8F71-4870-3D5C-86A7-ED18E180C5F7}.Debug|Win32.Build.0 = Debug|Win32
		{B80A8F71-4870-3D5C-86A7-ED18E180C5F7}.Release|Win32.ActiveCfg = Release|Win32
		{B80A8F71-4870-3D5C-86A7-ED18E180C5F7}.Release|Win32.Build.0 = Release|Win32
		{83989D40-8E79-381D-AEF6-CFE5A223755D}.Debug|Win32.ActiveCfg = Debug|Win32
		{83989D40-8E79-381D-AEF6-CFE5A223755D}.Release|Win32.ActiveCfg = Release|Win32
		{B6F4FF09-7205-3E7A-AC5D-EF7742564E7E}.Debug|Win32.ActiveCfg = Debug|Win32
		{B6F4FF09-7205-3E7A-AC5D-EF7742564E7E}.Debug|Win32.Build.0 = Debug|Win32
		{B6F4FF09-7205-3E7A-AC5D-EF7742564E7E}.Release|Win32.ActiveCfg = Release|Win32
		{B6F4FF09-7205-3E7A-AC5D-EF7742564E7E}.Release|Win32.Build.0 = Release|Win32
		{959338B9-1E28-3B20-B619-D4529DD29D38}.Debug|Win32.ActiveCfg = Debug|Win32
		{959338B9-1E28-3B20-B619-D4529DD29D38}.Debug|Win32.Build.0 = Debug|Win32
		{959338B9-1E28-3B20-B619-D4529DD29D38}.Release|Win32.ActiveCfg = Release|Win32
		{959338B9-1E28-3B20-B619-D4529DD29D38}.Release|Win32.Build.0 = Release|Win32
		{24E4542A-9912-32D0-B3BC-E5AC302F6E31}.Debug|Win32.ActiveCfg = Debug|Win32
		{24E4542A-9912-32D0-B3BC-E5AC302F6E31}.Debug|Win32.Build.0 = Debug|Win32
		{24E4542A-9912-32D0-B3BC-E5AC302F6E31}.Release|Win32.ActiveCfg = Release|Win32
		{24E4542A-9912-32D0-B3BC-E5AC302F6E31}.Release|Win32.Build.0 = Release|Win32
		{E1454996-09F3-3547-BAFB-930A9404F12E}.Debug|Win32.ActiveCfg = Debug|Win32
		{E1454996-09F3-3547-BAFB-930A9404F12E}.Debug|Win32.Build.0 = Debug|Win32
		{E1454996-09F3-3547-BAFB-930A9404F12E}.Release|Win32.ActiveCfg = Release|Win32
		{E1454996-09F3-3547-BAFB-930A9404F12E}.Release|Win32.Build.0 = Release|Win32
		{C26AAFEB-CD03-30C6-88F7-2C3DFB788FE4}.Debug|Win32.ActiveCfg = Debug|Win32
		{C26AAFEB-CD03-30C6-88F7-2C3DFB788FE4}.Debug|Win32.Build.0 = Debug|Win32
		{C26AAFEB-CD03-30C6-88F7-2C3DFB788FE4}.Release|Win32.ActiveCfg = Release|Win32
		{C26AAFEB-CD03-30C6-88F7-2C3DFB788FE4}.Release|Win32.Build.0 = Release|Win32
		{512D9B1B-5393-3CA3-97EA-5FDAC71FE285}.Debug|Win32.ActiveCfg = Debug|Win32
		{512D9B1B-5393-3CA3-97EA-5FDAC71FE285}.Debug|Win32.Build.0 = Debug|Win32
		{512D9B1B-5393-3CA3-97EA-5FDAC71FE285}.Release|Win32.ActiveCfg = Release|Win32
		{512D9B1B-5393-3CA3-97EA-5FDAC71FE285}.Release|Win32.Build.0 = Release|Win32
		{E38DC723-2F14-3050-A876-E55E72482FEE}.Debug|Win32.ActiveCfg = Debug|Win32
		{E38DC723-2F14-3050-A876-E55E72482FEE}.Debug|Win32.Build.0 = Debug|Win32
		{E38DC723-2F14-3050-A876-E55E72482FEE}.Release|Win32.ActiveCfg = Release|Win32
		{E38DC723-2F14-3050-A876-E55E72482FEE}.Release|Win32.Build.0 = Release|Win32
	EndGlobalSection
	GlobalSection(NestedProjects) = preSolution
		{0BAD72C5-590A-336F-9EC0-73774B72422B} = {091CFCD6-1F17-3F58-8214-284A9D5DF951}
		{1E226648-C3EF-30E0-8FF6-FE13A7B5E54F} = {091CFCD6-1F17-3F58-8214-284A9D5DF951}
		{83989D40-8E79-381D-AEF6-CFE5A223755D} = {091CFCD6-1F17-3F58-8214-284A9D5DF951}
		{24E4542A-9912-32D0-B3BC-E5AC302F6E31} = {091CFCD6-1F17-3F58-8214-284A9D5DF951}
		{1D123A82-7EBD-3736-AA58-9ADE93374C03} = {195779A3-E6CD-3710-A2B2-852984DB16F6}
		{6244E80D-CF00-3CEC-98F8-0A6999DA11B0} = {195779A3-E6CD-3710-A2B2-852984DB16F6}
		{BA549C19-A43C-3DFB-B962-588EC1BA81B9} = {195779A3-E6CD-3710-A2B2-852984DB16F6}
		{54CE8324-C199-3E72-88BA-2267D2B29693} = {195779A3-E6CD-3710-A2B2-852984DB16F6}
		{64B1C02E-ED1E-3F7B-9992-713A0661E408} = {8C7EE97D-8FAA-322A-8492-90BB61CA42FC}
		{B80A8F71-4870-3D5C-86A7-ED18E180C5F7} = {8C7EE97D-8FAA-322A-8492-90BB61CA42FC}
		{B6F4FF09-7205-3E7A-AC5D-EF7742564E7E} = {8C7EE97D-8FAA-322A-8492-90BB61CA42FC}
		{959338B9-1E28-3B20-B619-D4529DD29D38} = {8C7EE97D-8FAA-322A-8492-90BB61CA42FC}
		{E1454996-09F3-3547-BAFB-930A9404F12E} = {8C7EE97D-8FAA-322A-8492-90BB61CA42FC}
		{C26AAFEB-CD03-30C6-88F7-2C3DFB788FE4} = {8C7EE97D-8FAA-322A-8492-90BB61CA42FC}
		{100D3C7E-4BE3-3391-ACC4-FEC28F825892} = {C148051F-DED6-3A7D-B1AB-7F51B6D5A501}
		{512D9B1B-5393-3CA3-97EA-5FDAC71FE285} = {E65B752A-0351-3160-858B-810E65EE19CA}
		{E38DC723-2F14-3050-A876-E55E72482FEE} = {E65B752A-0351-3160-858B-810E65EE19CA}
	EndGlobalSection
	GlobalSection(ExtensibilityGlobals) = postSolution
	EndGlobalSection
	GlobalSection(ExtensibilityAddIns) = postSolution
	EndGlobalSection
EndGlobal
